<?xml version="1.0" encoding="utf-8"?>
<Project ToolsVersion="4.0" xmlns="http://schemas.microsoft.com/developer/msbuild/2003">
  <ItemGroup>
    <Filter Include="Source Files">
      <UniqueIdentifier>{d4274bc6-c91a-4602-9009-9131941bec9d}</UniqueIdentifier>
      <Extensions>cpp;c;cxx;rc;def;r;odl;idl;hpj;bat</Extensions>
    </Filter>
    <Filter Include="Header Files">
      <UniqueIdentifier>{0850ba6a-ed68-430b-9f61-5fc8e13b2d22}</UniqueIdentifier>
      <Extensions>h;hpp;hxx;hm;inl</Extensions>
    </Filter>
    <Filter Include="Resource Files">
      <UniqueIdentifier>{c1c530bf-8e69-4890-b256-d713f4a329fc}</UniqueIdentifier>
      <Extensions>ico;cur;bmp;dlg;rc2;rct;bin;rgs;gif;jpg;jpeg;jpe</Extensions>
    </Filter>
  </ItemGroup>
  <ItemGroup>
    <ClCompile Include="EngineItemDetailDlg.cpp">
      <Filter>Source Files</Filter>
    </ClCompile>
    <ClCompile Include="EngineItemDlg.cpp">
      <Filter>Source Files</Filter>
    </ClCompile>
    <ClCompile Include="LinkDetailDlg.cpp">
      <Filter>Source Files</Filter>
    </ClCompile>
    <ClCompile Include="LogTabConnection.cpp">
      <Filter>Source Files</Filter>
    </ClCompile>
    <ClCompile Include="LogTabGuildItem.cpp">
      <Filter>Source Files</Filter>
    </ClCompile>
    <ClCompile Include="LogTabItem.cpp">
      <Filter>Source Files</Filter>
    </ClCompile>
    <ClCompile Include="LogTabServerIntegration.cpp">
      <Filter>Source Files</Filter>
    </ClCompile>
    <ClCompile Include="LogTabUser.cpp">
      <Filter>Source Files</Filter>
    </ClCompile>
    <ClCompile Include="MapEditorDetailDlg.cpp">
      <Filter>Source Files</Filter>
    </ClCompile>
    <ClCompile Include="MapEditorDlg.cpp">
      <Filter>Source Files</Filter>
    </ClCompile>
    <ClCompile Include="MonsterAttackDetailDlg.cpp">
      <Filter>Source Files</Filter>
    </ClCompile>
    <ClCompile Include="MonsterAttackDlg.cpp">
      <Filter>Source Files</Filter>
    </ClCompile>
    <ClCompile Include="MonsterDetailDlg.cpp">
      <Filter>Source Files</Filter>
    </ClCompile>
    <ClCompile Include="MonsterDlg.cpp">
      <Filter>Source Files</Filter>
    </ClCompile>
    <ClCompile Include="MonsterDropDetailDlg.cpp">
      <Filter>Source Files</Filter>
    </ClCompile>
    <ClCompile Include="MonsterDropDlg.cpp">
      <Filter>Source Files</Filter>
    </ClCompile>
    <ClCompile Include="MyTabCtrl.cpp">
      <Filter>Source Files</Filter>
    </ClCompile>
    <ClCompile Include="PreviewDlg.cpp">
      <Filter>Source Files</Filter>
    </ClCompile>
    <ClCompile Include="QuestEditorDlg.cpp">
      <Filter>Source Files</Filter>
    </ClCompile>
    <ClCompile Include="QuestLoadDlg.cpp">
      <Filter>Source Files</Filter>
    </ClCompile>
    <ClCompile Include="SCGridHelper.cpp">
      <Filter>Source Files</Filter>
    </ClCompile>
    <ClCompile Include="SCLogAdminDlg.cpp">
      <Filter>Source Files</Filter>
    </ClCompile>
    <ClCompile Include="SelectItemDlg.cpp">
      <Filter>Source Files</Filter>
    </ClCompile>
    <ClCompile Include="SpaceCowboyDBEditorTool.cpp">
      <Filter>Source Files</Filter>
    </ClCompile>
    <ClCompile Include="SpaceCowboyDBEditorToolDlg.cpp">
      <Filter>Source Files</Filter>
    </ClCompile>
    <ClCompile Include="StatisticPage100Dlg.cpp">
      <Filter>Source Files</Filter>
    </ClCompile>
    <ClCompile Include="StatisticPage101Dlg.cpp">
      <Filter>Source Files</Filter>
    </ClCompile>
    <ClCompile Include="StatisticPage102Dlg.cpp">
      <Filter>Source Files</Filter>
    </ClCompile>
    <ClCompile Include="StatisticPage1Dlg.cpp">
      <Filter>Source Files</Filter>
    </ClCompile>
    <ClCompile Include="StatisticPage2Dlg.cpp">
      <Filter>Source Files</Filter>
    </ClCompile>
    <ClCompile Include="StatisticPage3Dlg.cpp">
      <Filter>Source Files</Filter>
    </ClCompile>
    <ClCompile Include="StatisticPage4Dlg.cpp">
      <Filter>Source Files</Filter>
    </ClCompile>
    <ClCompile Include="StatisticPage5Dlg.cpp">
      <Filter>Source Files</Filter>
    </ClCompile>
    <ClCompile Include="StatisticPage61Dlg.cpp">
      <Filter>Source Files</Filter>
    </ClCompile>
    <ClCompile Include="StatisticPage62Dlg.cpp">
      <Filter>Source Files</Filter>
    </ClCompile>
    <ClCompile Include="StatisticPage6Dlg.cpp">
      <Filter>Source Files</Filter>
    </ClCompile>
    <ClCompile Include="StatisticPage71Dlg.cpp">
      <Filter>Source Files</Filter>
    </ClCompile>
    <ClCompile Include="StatisticPage7Dlg.cpp">
      <Filter>Source Files</Filter>
    </ClCompile>
    <ClCompile Include="StatisticPage8Dlg.cpp">
      <Filter>Source Files</Filter>
    </ClCompile>
    <ClCompile Include="StatisticPage97Dlg.cpp">
      <Filter>Source Files</Filter>
    </ClCompile>
    <ClCompile Include="StatisticPage98Dlg.cpp">
      <Filter>Source Files</Filter>
    </ClCompile>
    <ClCompile Include="StatisticPage99Dlg.cpp">
      <Filter>Source Files</Filter>
    </ClCompile>
    <ClCompile Include="StatisticPage9Dlg.cpp">
      <Filter>Source Files</Filter>
    </ClCompile>
    <ClCompile Include="StatisticSheetDlg.cpp">
      <Filter>Source Files</Filter>
    </ClCompile>
    <ClCompile Include="StdAfx.cpp">
      <Filter>Source Files</Filter>
    </ClCompile>
    <ClCompile Include="WeaponItem.cpp">
      <Filter>Source Files</Filter>
    </ClCompile>
    <ClCompile Include="WeaponItemDetail.cpp">
      <Filter>Source Files</Filter>
    </ClCompile>
    <ClCompile Include="WriteLog.cpp">
      <Filter>Source Files</Filter>
    </ClCompile>
    <ClCompile Include="..\..\..\Common\GridCtrl\GridCell.cpp">
      <Filter>Source Files</Filter>
    </ClCompile>
    <ClCompile Include="..\..\..\Common\GridCtrl\GridCellBase.cpp">
      <Filter>Source Files</Filter>
    </ClCompile>
    <ClCompile Include="..\..\..\Common\GridCtrl\GridCtrl.cpp">
      <Filter>Source Files</Filter>
    </ClCompile>
    <ClCompile Include="..\..\..\Common\GridCtrl\GridDropTarget.cpp">
      <Filter>Source Files</Filter>
    </ClCompile>
    <ClCompile Include="..\..\..\Common\GridCtrl\InPlaceEdit.cpp">
      <Filter>Source Files</Filter>
    </ClCompile>
    <ClCompile Include="..\..\..\Common\SocketHeader.cpp">
      <Filter>Source Files</Filter>
    </ClCompile>
    <ClCompile Include="..\..\..\Common\SystemLogManager.cpp">
      <Filter>Source Files</Filter>
    </ClCompile>
    <ClCompile Include="..\..\..\Common\VMem.cpp">
      <Filter>Source Files</Filter>
    </ClCompile>
    <ClCompile Include="..\..\..\Common\WinSocket.cpp">
      <Filter>Source Files</Filter>
    </ClCompile>
    <ClCompile Include="..\..\..\Common\XOR_Lib.cpp">
      <Filter>Source Files</Filter>
    </ClCompile>
    <ClCompile Include="..\..\..\Common\AtumDateTime.cpp">
      <Filter>Source Files</Filter>
    </ClCompile>
    <ClCompile Include="..\..\..\Common\AtumDBHelper.cpp">
      <Filter>Source Files</Filter>
    </ClCompile>
    <ClCompile Include="..\..\..\Common\AtumParamProtocol.cpp">
      <Filter>Source Files</Filter>
    </ClCompile>
    <ClCompile Include="..\..\..\Common\AtumParamProtocolFunctions.cpp">
      <Filter>Source Files</Filter>
    </ClCompile>
    <ClCompile Include="..\..\..\Common\AtumSJ.cpp">
      <Filter>Source Files</Filter>
    </ClCompile>
    <ClCompile Include="..\..\..\Common\BrowseForFolder.cpp">
      <Filter>Source Files</Filter>
    </ClCompile>
    <ClCompile Include="..\..\..\Common\GridCtrl\TitleTip.cpp">
      <Filter>Source Files</Filter>
    </ClCompile>
    <ClCompile Include="..\..\..\Common\ODBCStatement.cpp">
      <Filter>Source Files</Filter>
    </ClCompile>
    <ClCompile Include="..\..\..\Common\Quest.cpp">
      <Filter>Source Files</Filter>
    </ClCompile>
    <ClCompile Include="..\..\..\Common\UserVariable.cpp">
      <Filter>Source Files</Filter>
    </ClCompile>
    <ClCompile Include="..\..\..\Common\WayPointManager.cpp">
      <Filter>Source Files</Filter>
    </ClCompile>
    <ClCompile Include="..\..\..\Common\VMemPool.cpp">
      <Filter>Source Files</Filter>
    </ClCompile>
    <ClCompile Include="..\..\..\Common\md5_lib_src.cpp">
      <Filter>Source Files</Filter>
    </ClCompile>
    <ClCompile Include="..\..\..\Common\GlobalGameServerForAdminTool.cpp">
      <Filter>Source Files</Filter>
    </ClCompile>
    <ClCompile Include="..\..\..\Common\Random.cpp">
      <Filter>Source Files</Filter>
    </ClCompile>
  </ItemGroup>
  <ItemGroup>
    <ResourceCompile Include="SpaceCowboyDBEditorTool.rc">
      <Filter>Source Files</Filter>
    </ResourceCompile>
  </ItemGroup>
  <ItemGroup>
    <ClInclude Include="..\CommonGameServer\AtumSJ.h">
      <Filter>Header Files</Filter>
    </ClInclude>
    <ClInclude Include="..\CommonGameServer\GridCtrl\CellRange.h">
      <Filter>Header Files</Filter>
    </ClInclude>
    <ClInclude Include="EngineItemDetailDlg.h">
      <Filter>Header Files</Filter>
    </ClInclude>
    <ClInclude Include="EngineItemDlg.h">
      <Filter>Header Files</Filter>
    </ClInclude>
    <ClInclude Include="..\CommonGameServer\GridCtrl\GridCell.h">
      <Filter>Header Files</Filter>
    </ClInclude>
    <ClInclude Include="..\CommonGameServer\GridCtrl\GridCellBase.h">
      <Filter>Header Files</Filter>
    </ClInclude>
    <ClInclude Include="..\CommonGameServer\GridCtrl\GridCtrl.h">
      <Filter>Header Files</Filter>
    </ClInclude>
    <ClInclude Include="..\CommonGameServer\GridCtrl\GridDropTarget.h">
      <Filter>Header Files</Filter>
    </ClInclude>
    <ClInclude Include="..\CommonGameServer\GridCtrl\InPlaceEdit.h">
      <Filter>Header Files</Filter>
    </ClInclude>
    <ClInclude Include="LinkDetailDlg.h">
      <Filter>Header Files</Filter>
    </ClInclude>
    <ClInclude Include="LogTabConnection.h">
      <Filter>Header Files</Filter>
    </ClInclude>
    <ClInclude Include="LogTabGuildItem.h">
      <Filter>Header Files</Filter>
    </ClInclude>
    <ClInclude Include="LogTabItem.h">
      <Filter>Header Files</Filter>
    </ClInclude>
    <ClInclude Include="LogTabServerIntegration.h">
      <Filter>Header Files</Filter>
    </ClInclude>
    <ClInclude Include="LogTabUser.h">
      <Filter>Header Files</Filter>
    </ClInclude>
    <ClInclude Include="MapEditorDetailDlg.h">
      <Filter>Header Files</Filter>
    </ClInclude>
    <ClInclude Include="MapEditorDlg.h">
      <Filter>Header Files</Filter>
    </ClInclude>
    <ClInclude Include="..\..\Common\md5_lib_src.h">
      <Filter>Header Files</Filter>
    </ClInclude>
    <ClInclude Include="..\CommonGameServer\GridCtrl\MemDC.h">
      <Filter>Header Files</Filter>
    </ClInclude>
    <ClInclude Include="MonsterAttackDetailDlg.h">
      <Filter>Header Files</Filter>
    </ClInclude>
    <ClInclude Include="MonsterAttackDlg.h">
      <Filter>Header Files</Filter>
    </ClInclude>
    <ClInclude Include="MonsterDetailDlg.h">
      <Filter>Header Files</Filter>
    </ClInclude>
    <ClInclude Include="MonsterDlg.h">
      <Filter>Header Files</Filter>
    </ClInclude>
    <ClInclude Include="MonsterDropDetailDlg.h">
      <Filter>Header Files</Filter>
    </ClInclude>
    <ClInclude Include="MonsterDropDlg.h">
      <Filter>Header Files</Filter>
    </ClInclude>
    <ClInclude Include="MyTabCtrl.h">
      <Filter>Header Files</Filter>
    </ClInclude>
    <ClInclude Include="..\CommonGameServer\ODBCStatement.h">
      <Filter>Header Files</Filter>
    </ClInclude>
    <ClInclude Include="PreviewDlg.h">
      <Filter>Header Files</Filter>
    </ClInclude>
    <ClInclude Include="..\CommonGameServer\Quest.h">
      <Filter>Header Files</Filter>
    </ClInclude>
    <ClInclude Include="QuestEditorDlg.h">
      <Filter>Header Files</Filter>
    </ClInclude>
    <ClInclude Include="QuestLoadDlg.h">
      <Filter>Header Files</Filter>
    </ClInclude>
    <ClInclude Include="..\CommonGameServer\QuestLoaderParser.h">
      <Filter>Header Files</Filter>
    </ClInclude>
    <ClInclude Include="Resource.h">
      <Filter>Header Files</Filter>
    </ClInclude>
    <ClInclude Include="SCGridHelper.h">
      <Filter>Header Files</Filter>
    </ClInclude>
    <ClInclude Include="SCLogAdminDlg.h">
      <Filter>Header Files</Filter>
    </ClInclude>
    <ClInclude Include="SelectItemDlg.h">
      <Filter>Header Files</Filter>
    </ClInclude>
    <ClInclude Include="SpaceCowboyDBEditorTool.h">
      <Filter>Header Files</Filter>
    </ClInclude>
    <ClInclude Include="SpaceCowboyDBEditorToolDlg.h">
      <Filter>Header Files</Filter>
    </ClInclude>
    <ClInclude Include="StatisticPage100Dlg.h">
      <Filter>Header Files</Filter>
    </ClInclude>
    <ClInclude Include="StatisticPage101Dlg.h">
      <Filter>Header Files</Filter>
    </ClInclude>
    <ClInclude Include="StatisticPage102Dlg.h">
      <Filter>Header Files</Filter>
    </ClInclude>
    <ClInclude Include="StatisticPage1Dlg.h">
      <Filter>Header Files</Filter>
    </ClInclude>
    <ClInclude Include="StatisticPage2Dlg.h">
      <Filter>Header Files</Filter>
    </ClInclude>
    <ClInclude Include="StatisticPage3Dlg.h">
      <Filter>Header Files</Filter>
    </ClInclude>
    <ClInclude Include="StatisticPage4Dlg.h">
      <Filter>Header Files</Filter>
    </ClInclude>
    <ClInclude Include="StatisticPage5Dlg.h">
      <Filter>Header Files</Filter>
    </ClInclude>
    <ClInclude Include="StatisticPage61Dlg.h">
      <Filter>Header Files</Filter>
    </ClInclude>
    <ClInclude Include="StatisticPage62Dlg.h">
      <Filter>Header Files</Filter>
    </ClInclude>
    <ClInclude Include="StatisticPage6Dlg.h">
      <Filter>Header Files</Filter>
    </ClInclude>
    <ClInclude Include="StatisticPage71Dlg.h">
      <Filter>Header Files</Filter>
    </ClInclude>
    <ClInclude Include="StatisticPage7Dlg.h">
      <Filter>Header Files</Filter>
    </ClInclude>
    <ClInclude Include="StatisticPage8Dlg.h">
      <Filter>Header Files</Filter>
    </ClInclude>
    <ClInclude Include="StatisticPage97Dlg.h">
      <Filter>Header Files</Filter>
    </ClInclude>
    <ClInclude Include="StatisticPage98Dlg.h">
      <Filter>Header Files</Filter>
    </ClInclude>
    <ClInclude Include="StatisticPage99Dlg.h">
      <Filter>Header Files</Filter>
    </ClInclude>
    <ClInclude Include="StatisticPage9Dlg.h">
      <Filter>Header Files</Filter>
    </ClInclude>
    <ClInclude Include="StatisticSheetDlg.h">
      <Filter>Header Files</Filter>
    </ClInclude>
    <ClInclude Include="StdAfx.h">
      <Filter>Header Files</Filter>
    </ClInclude>
    <ClInclude Include="..\CommonGameServer\GridCtrl\TitleTip.h">
      <Filter>Header Files</Filter>
    </ClInclude>
    <ClInclude Include="..\CommonGameServer\WayPointManager.h">
      <Filter>Header Files</Filter>
    </ClInclude>
    <ClInclude Include="WeaponItem.h">
      <Filter>Header Files</Filter>
    </ClInclude>
    <ClInclude Include="WeaponItemDetail.h">
      <Filter>Header Files</Filter>
    </ClInclude>
    <ClInclude Include="WriteLog.h">
      <Filter>Header Files</Filter>
    </ClInclude>
    <ClInclude Include="..\..\Common\XOR_Lib.h">
      <Filter>Header Files</Filter>
    </ClInclude>
  </ItemGroup>
  <ItemGroup>
    <Image Include="..\ItemEditer\res\ItemEditer.ico">
      <Filter>Resource Files</Filter>
    </Image>
    <Image Include="res\SpaceCowboyDBEditorTool.ico">
      <Filter>Resource Files</Filter>
    </Image>
  </ItemGroup>
  <ItemGroup>
    <Text Include="ReadMe.txt" />
    <Text Include="SpaceCowboyDBEditorToolModifyList.txt" />
  </ItemGroup>
  <ItemGroup>
    <CustomBuild Include="res\SpaceCowboyDBEditorTool.rc2">
      <Filter>Resource Files</Filter>
    </CustomBuild>
  </ItemGroup>
</Project>