<?xml version="1.0" encoding="utf-8"?>
<Project ToolsVersion="4.0" xmlns="http://schemas.microsoft.com/developer/msbuild/2003">
  <ItemGroup>
    <Filter Include="Source Files">
      <UniqueIdentifier>{4FC737F1-C7A5-4376-A066-2A32D752A2FF}</UniqueIdentifier>
      <Extensions>cpp;c;cc;cxx;def;odl;idl;hpj;bat;asm;asmx</Extensions>
    </Filter>
    <Filter Include="Header Files">
      <UniqueIdentifier>{93995380-89BD-4b04-88EB-625FBE52EBFB}</UniqueIdentifier>
      <Extensions>h;hpp;hxx;hm;inl;inc;xsd</Extensions>
    </Filter>
    <Filter Include="Resource Files">
      <UniqueIdentifier>{67DA6AB6-F800-4c08-8B7A-83BB121AAD01}</UniqueIdentifier>
      <Extensions>rc;ico;cur;bmp;dlg;rc2;rct;bin;rgs;gif;jpg;jpeg;jpe;resx;tiff;tif;png;wav</Extensions>
    </Filter>
  </ItemGroup>
  <ItemGroup>
    <ClCompile Include="..\Common\Config.cpp">
      <Filter>Source Files</Filter>
    </ClCompile>
    <ClCompile Include="GLogClient.cpp">
      <Filter>Source Files</Filter>
    </ClCompile>
    <ClCompile Include="GLogDataAccount.cpp">
      <Filter>Source Files</Filter>
    </ClCompile>
    <ClCompile Include="GLogDataBase.cpp">
      <Filter>Source Files</Filter>
    </ClCompile>
    <ClCompile Include="GLogDataBuyCashItem.cpp">
      <Filter>Source Files</Filter>
    </ClCompile>
    <ClCompile Include="GLogDataCharacterPlayTime.cpp">
      <Filter>Source Files</Filter>
    </ClCompile>
    <ClCompile Include="GLogDataConnectTotalUserCount.cpp">
      <Filter>Source Files</Filter>
    </ClCompile>
    <ClCompile Include="GLogDataConnectZoneUserCount.cpp">
      <Filter>Source Files</Filter>
    </ClCompile>
    <ClCompile Include="GLogDataEvent.cpp">
      <Filter>Source Files</Filter>
    </ClCompile>
    <ClCompile Include="GLogDataEventParticipationRate.cpp">
      <Filter>Source Files</Filter>
    </ClCompile>
    <ClCompile Include="GLogDestDB.cpp">
      <Filter>Source Files</Filter>
    </ClCompile>
    <ClCompile Include="GLogGlobal.cpp">
      <Filter>Source Files</Filter>
    </ClCompile>
    <ClCompile Include="GLogManager.cpp">
      <Filter>Source Files</Filter>
    </ClCompile>
    <ClCompile Include="GLogSourceDB.cpp">
      <Filter>Source Files</Filter>
    </ClCompile>
    <ClCompile Include="..\Common\LogManager.cpp">
      <Filter>Source Files</Filter>
    </ClCompile>
    <ClCompile Include="stdafx.cpp">
      <Filter>Source Files</Filter>
    </ClCompile>
    <ClCompile Include="..\Common\XOR_Lib.cpp">
      <Filter>Source Files</Filter>
    </ClCompile>
    <ClCompile Include="GLogDataAceUser.cpp">
      <Filter>Source Files</Filter>
    </ClCompile>
    <ClCompile Include="GLogDataAceItemBuy.cpp">
      <Filter>Source Files</Filter>
    </ClCompile>
    <ClCompile Include="GLogDataAceConnectUser.cpp">
      <Filter>Source Files</Filter>
    </ClCompile>
    <ClCompile Include="GLogDataAceConcurrentUser.cpp">
      <Filter>Source Files</Filter>
    </ClCompile>
    <ClCompile Include="GLogDataAceUserPlaytime.cpp">
      <Filter>Source Files</Filter>
    </ClCompile>
  </ItemGroup>
  <ItemGroup>
    <ClInclude Include="..\Common\Config.h">
      <Filter>Header Files</Filter>
    </ClInclude>
    <ClInclude Include="..\Common\ErrorDefine.h">
      <Filter>Header Files</Filter>
    </ClInclude>
    <ClInclude Include="GLogClient.h">
      <Filter>Header Files</Filter>
    </ClInclude>
    <ClInclude Include="GLogDataAccount.h">
      <Filter>Header Files</Filter>
    </ClInclude>
    <ClInclude Include="GLogDataBase.h">
      <Filter>Header Files</Filter>
    </ClInclude>
    <ClInclude Include="GLogDataBuyCashItem.h">
      <Filter>Header Files</Filter>
    </ClInclude>
    <ClInclude Include="GLogDataCharacterPlayTime.h">
      <Filter>Header Files</Filter>
    </ClInclude>
    <ClInclude Include="GLogDataConnectTotalUserCount.h">
      <Filter>Header Files</Filter>
    </ClInclude>
    <ClInclude Include="GLogDataConnectZoneUserCount.h">
      <Filter>Header Files</Filter>
    </ClInclude>
    <ClInclude Include="GLogDataEvent.h">
      <Filter>Header Files</Filter>
    </ClInclude>
    <ClInclude Include="GLogDataEventParticipationRate.h">
      <Filter>Header Files</Filter>
    </ClInclude>
    <ClInclude Include="..\Common\GLogDefine.h">
      <Filter>Header Files</Filter>
    </ClInclude>
    <ClInclude Include="..\Common\GLogDefineQuery.h">
      <Filter>Header Files</Filter>
    </ClInclude>
    <ClInclude Include="GLogDestDB.h">
      <Filter>Header Files</Filter>
    </ClInclude>
    <ClInclude Include="GLogGlobal.h">
      <Filter>Header Files</Filter>
    </ClInclude>
    <ClInclude Include="GLogManager.h">
      <Filter>Header Files</Filter>
    </ClInclude>
    <ClInclude Include="GLogSourceDB.h">
      <Filter>Header Files</Filter>
    </ClInclude>
    <ClInclude Include="..\Common\LogManager.h">
      <Filter>Header Files</Filter>
    </ClInclude>
    <ClInclude Include="..\Common\mt_stl.h">
      <Filter>Header Files</Filter>
    </ClInclude>
    <ClInclude Include="Resource.h">
      <Filter>Header Files</Filter>
    </ClInclude>
    <ClInclude Include="stdafx.h">
      <Filter>Header Files</Filter>
    </ClInclude>
    <ClInclude Include="targetver.h">
      <Filter>Header Files</Filter>
    </ClInclude>
    <ClInclude Include="..\Common\XOR_Lib.h">
      <Filter>Header Files</Filter>
    </ClInclude>
    <ClInclude Include="GLogDataAceUser.h">
      <Filter>Header Files</Filter>
    </ClInclude>
    <ClInclude Include="GLogDataAceConnectUser.h">
      <Filter>Source Files</Filter>
    </ClInclude>
    <ClInclude Include="GLogDataAceItemBuy.h">
      <Filter>Header Files</Filter>
    </ClInclude>
    <ClInclude Include="GLogDataAceConcurrentUser.h">
      <Filter>Header Files</Filter>
    </ClInclude>
    <ClInclude Include="GLogDataAceUserPlaytime.h">
      <Filter>Header Files</Filter>
    </ClInclude>
  </ItemGroup>
  <ItemGroup>
    <None Include="GLogClient.ico">
      <Filter>Resource Files</Filter>
    </None>
    <None Include="small.ico">
      <Filter>Resource Files</Filter>
    </None>
    <None Include="ReadMe.txt" />
  </ItemGroup>
  <ItemGroup>
    <ResourceCompile Include="GLogClient.rc">
      <Filter>Resource Files</Filter>
    </ResourceCompile>
  </ItemGroup>
</Project>