<?xml version="1.0" encoding="utf-8"?>
<Project ToolsVersion="4.0" xmlns="http://schemas.microsoft.com/developer/msbuild/2003">
  <ItemGroup>
    <Filter Include="Source Files">
      <UniqueIdentifier>{e3fad8ad-220e-4663-b766-6780d403efe8}</UniqueIdentifier>
      <Extensions>cpp;c;cxx;rc;def;r;odl;idl;hpj;bat</Extensions>
    </Filter>
    <Filter Include="Header Files">
      <UniqueIdentifier>{df6ccb63-95fb-4c1a-84cc-3cb7e6828b96}</UniqueIdentifier>
      <Extensions>h;hpp;hxx;hm;inl</Extensions>
    </Filter>
    <Filter Include="Resource Files">
      <UniqueIdentifier>{93de17d4-c0d2-4846-8108-870e1435328a}</UniqueIdentifier>
      <Extensions>ico;cur;bmp;dlg;rc2;rct;bin;rgs;gif;jpg;jpeg;jpe</Extensions>
    </Filter>
  </ItemGroup>
  <ItemGroup>
    <ClCompile Include="AccountInfoDlg.cpp">
      <Filter>Source Files</Filter>
    </ClCompile>
    <ClCompile Include="AdminAutoNoticeDlg.cpp">
      <Filter>Source Files</Filter>
    </ClCompile>
    <ClCompile Include="ArenaCharSend.cpp">
      <Filter>Source Files</Filter>
    </ClCompile>
    <ClCompile Include="AtumAdminTool.cpp">
      <Filter>Source Files</Filter>
    </ClCompile>
    <ClCompile Include="AtumAdminToolDlg.cpp">
      <Filter>Source Files</Filter>
    </ClCompile>
    <ClCompile Include="BlockAccountDlg.cpp">
      <Filter>Source Files</Filter>
    </ClCompile>
    <ClCompile Include="BlockAccountListDlg.cpp">
      <Filter>Source Files</Filter>
    </ClCompile>
    <ClCompile Include="Main\cashshopmanagementdlg.cpp">
      <Filter>Source Files</Filter>
    </ClCompile>
    <ClCompile Include="CharacterInfoDlg.cpp">
      <Filter>Source Files</Filter>
    </ClCompile>
    <ClCompile Include="DeclarationOfWar.cpp">
      <Filter>Source Files</Filter>
    </ClCompile>
    <ClCompile Include="DeletedCharacter.cpp">
      <Filter>Source Files</Filter>
    </ClCompile>
    <ClCompile Include="Main\dlgmsgbox.cpp">
      <Filter>Source Files</Filter>
    </ClCompile>
    <ClCompile Include="Main\dlgsetinfluencerate.cpp">
      <Filter>Source Files</Filter>
    </ClCompile>
    <ClCompile Include="Main\editguilddlg.cpp">
      <Filter>Source Files</Filter>
    </ClCompile>
    <ClCompile Include="Main\eventmonstermanagementdlg.cpp">
      <Filter>Source Files</Filter>
    </ClCompile>
    <ClCompile Include="ExpViewerDlg.cpp">
      <Filter>Source Files</Filter>
    </ClCompile>
    <ClCompile Include="Main\guildmarkrecognitiondlg.cpp">
      <Filter>Source Files</Filter>
    </ClCompile>
    <ClCompile Include="InfluenceRateGridCtrl.cpp">
      <Filter>Source Files</Filter>
    </ClCompile>
    <ClCompile Include="InflWarListDlg.cpp">
      <Filter>Source Files</Filter>
    </ClCompile>
    <ClCompile Include="LeaderElection.cpp">
      <Filter>Source Files</Filter>
    </ClCompile>
    <ClCompile Include="logtabblockaccount.cpp">
      <Filter>Source Files</Filter>
    </ClCompile>
    <ClCompile Include="LogTabConnection.cpp">
      <Filter>Source Files</Filter>
    </ClCompile>
    <ClCompile Include="LogTabGuildItem.cpp">
      <Filter>Source Files</Filter>
    </ClCompile>
    <ClCompile Include="LogTabItem.cpp">
      <Filter>Source Files</Filter>
    </ClCompile>
    <ClCompile Include="LogTabServerIntegration.cpp">
      <Filter>Source Files</Filter>
    </ClCompile>
    <ClCompile Include="LogTabUser.cpp">
      <Filter>Source Files</Filter>
    </ClCompile>
    <ClCompile Include="..\FieldServer\MemoryHackHistory.cpp">
      <Filter>Source Files</Filter>
    </ClCompile>
    <ClCompile Include="Main\MGameMonitor.cpp">
      <Filter>Source Files</Filter>
    </ClCompile>
    <ClCompile Include="ModifyItemDlg.cpp">
      <Filter>Source Files</Filter>
    </ClCompile>
    <ClCompile Include="Main\MyTabCtrl.cpp">
      <Filter>Source Files</Filter>
    </ClCompile>
    <ClCompile Include="PartnerDlg.cpp">
      <Filter>Source Files</Filter>
    </ClCompile>
    <ClCompile Include="PetitionManagementDlg.cpp">
      <Filter>Source Files</Filter>
    </ClCompile>
    <ClCompile Include="PremiumInfoDlg.cpp">
      <Filter>Source Files</Filter>
    </ClCompile>
    <ClCompile Include="PWDDlg.cpp">
      <Filter>Source Files</Filter>
    </ClCompile>
    <ClCompile Include="RealignmentCashItemDlg.cpp">
      <Filter>Source Files</Filter>
    </ClCompile>
    <ClCompile Include="RenewalStrategyPointAdminDlg.cpp">
      <Filter>Source Files</Filter>
    </ClCompile>
    <ClCompile Include="ReportCtrl.cpp">
      <Filter>Source Files</Filter>
    </ClCompile>
    <ClCompile Include="Main\SCAdminWinSocket.cpp">
      <Filter>Source Files</Filter>
    </ClCompile>
    <ClCompile Include="SCBadUserAdminDlg.cpp">
      <Filter>Source Files</Filter>
    </ClCompile>
    <ClCompile Include="SCGridHelper.cpp">
      <Filter>Source Files</Filter>
    </ClCompile>
    <ClCompile Include="SCGuildAdminDlg.cpp">
      <Filter>Source Files</Filter>
    </ClCompile>
    <ClCompile Include="SCHappyHourEventAdminDlg.cpp">
      <Filter>Source Files</Filter>
    </ClCompile>
    <ClCompile Include="SCItemEventDlg.cpp">
      <Filter>Source Files</Filter>
    </ClCompile>
    <ClCompile Include="SCLogAdminDlg.cpp">
      <Filter>Source Files</Filter>
    </ClCompile>
    <ClCompile Include="SCMonthlyArmorEventDlg.cpp">
      <Filter>Source Files</Filter>
    </ClCompile>
    <ClCompile Include="SCOutPostDlg.cpp">
      <Filter>Source Files</Filter>
    </ClCompile>
    <ClCompile Include="scserveradmindlg.cpp">
      <Filter>Source Files</Filter>
    </ClCompile>
    <ClCompile Include="SCStrategyPointAdminDlg.cpp">
      <Filter>Source Files</Filter>
    </ClCompile>
    <ClCompile Include="SCUserAdminDlg.cpp">
      <Filter>Source Files</Filter>
    </ClCompile>
    <ClCompile Include="SelectItemDlg.cpp">
      <Filter>Source Files</Filter>
    </ClCompile>
    <ClCompile Include="Main\seteventmonsterdlg.cpp">
      <Filter>Source Files</Filter>
    </ClCompile>
    <ClCompile Include="Main\sethappyev.cpp">
      <Filter>Source Files</Filter>
    </ClCompile>
    <ClCompile Include="SetItemEv.cpp">
      <Filter>Source Files</Filter>
    </ClCompile>
    <ClCompile Include="Main\setlimitusercountdlg.cpp">
      <Filter>Source Files</Filter>
    </ClCompile>
    <ClCompile Include="Main\setpcbanghappyev.cpp">
      <Filter>Source Files</Filter>
    </ClCompile>
    <ClCompile Include="StaisticsMoneyDlg.cpp">
      <Filter>Source Files</Filter>
    </ClCompile>
    <ClCompile Include="StdAfx.cpp">
      <Filter>Source Files</Filter>
    </ClCompile>
    <ClCompile Include="Main\TrayIcon.cpp">
      <Filter>Source Files</Filter>
    </ClCompile>
    <ClCompile Include="Main\wrankingmanagement.cpp">
      <Filter>Source Files</Filter>
    </ClCompile>
    <ClCompile Include="Main\wrsevicesettingdlg.cpp">
      <Filter>Source Files</Filter>
    </ClCompile>
    <ClCompile Include="Main\wrupdateranking.cpp">
      <Filter>Source Files</Filter>
    </ClCompile>
    <ClCompile Include="Main\xortestdlg.cpp">
      <Filter>Source Files</Filter>
    </ClCompile>
    <ClCompile Include="..\..\..\Common\AtumDateTime.cpp">
      <Filter>Source Files</Filter>
    </ClCompile>
    <ClCompile Include="..\..\..\Common\AtumDBHelper.cpp">
      <Filter>Source Files</Filter>
    </ClCompile>
    <ClCompile Include="..\..\..\Common\AtumDBLogWriter.cpp">
      <Filter>Source Files</Filter>
    </ClCompile>
    <ClCompile Include="..\..\..\Common\AtumParamProtocol.cpp">
      <Filter>Source Files</Filter>
    </ClCompile>
    <ClCompile Include="..\..\..\Common\AtumParamProtocolFunctions.cpp">
      <Filter>Source Files</Filter>
    </ClCompile>
    <ClCompile Include="..\..\..\Common\AtumSJ.cpp">
      <Filter>Source Files</Filter>
    </ClCompile>
    <ClCompile Include="..\..\..\Common\BrowseForFolder.cpp">
      <Filter>Source Files</Filter>
    </ClCompile>
    <ClCompile Include="..\..\..\Common\GridCtrl\GridCell.cpp">
      <Filter>Source Files</Filter>
    </ClCompile>
    <ClCompile Include="..\..\..\Common\GridCtrl\GridCellBase.cpp">
      <Filter>Source Files</Filter>
    </ClCompile>
    <ClCompile Include="..\..\..\Common\GridCtrl\GridCtrl.cpp">
      <Filter>Source Files</Filter>
    </ClCompile>
    <ClCompile Include="..\..\..\Common\GridCtrl\GridDropTarget.cpp">
      <Filter>Source Files</Filter>
    </ClCompile>
    <ClCompile Include="..\..\..\Common\HistoryComboBox.cpp">
      <Filter>Source Files</Filter>
    </ClCompile>
    <ClCompile Include="..\..\..\Common\GridCtrl\InPlaceEdit.cpp">
      <Filter>Source Files</Filter>
    </ClCompile>
    <ClCompile Include="..\..\..\Common\Security\md5.cpp">
      <Filter>Source Files</Filter>
    </ClCompile>
    <ClCompile Include="..\..\..\Common\md5_lib_src.cpp">
      <Filter>Source Files</Filter>
    </ClCompile>
    <ClCompile Include="..\..\..\Common\Security\metafile.cpp">
      <Filter>Source Files</Filter>
    </ClCompile>
    <ClCompile Include="..\..\..\Common\ODBCStatement.cpp">
      <Filter>Source Files</Filter>
    </ClCompile>
    <ClCompile Include="..\..\..\Common\Security\shieldSecurity.cpp">
      <Filter>Source Files</Filter>
    </ClCompile>
    <ClCompile Include="..\..\..\Common\Security\shieldSecurityDll.cpp">
      <Filter>Source Files</Filter>
    </ClCompile>
    <ClCompile Include="..\..\..\Common\SocketHeader.cpp">
      <Filter>Source Files</Filter>
    </ClCompile>
    <ClCompile Include="..\..\..\Common\SystemLogManager.cpp">
      <Filter>Source Files</Filter>
    </ClCompile>
    <ClCompile Include="..\..\..\Common\TickManager.cpp">
      <Filter>Source Files</Filter>
    </ClCompile>
    <ClCompile Include="..\..\..\Common\GridCtrl\TitleTip.cpp">
      <Filter>Source Files</Filter>
    </ClCompile>
    <ClCompile Include="..\..\..\Common\Security\utility.cpp">
      <Filter>Source Files</Filter>
    </ClCompile>
    <ClCompile Include="..\..\..\Common\WavePlayer.cpp">
      <Filter>Source Files</Filter>
    </ClCompile>
    <ClCompile Include="..\..\..\Common\WayPointManager.cpp">
      <Filter>Source Files</Filter>
    </ClCompile>
    <ClCompile Include="..\..\..\Common\WinSocket.cpp">
      <Filter>Source Files</Filter>
    </ClCompile>
    <ClCompile Include="..\..\..\Common\XOR_Lib.cpp">
      <Filter>Source Files</Filter>
    </ClCompile>
    <ClCompile Include="..\..\..\Common\Random.cpp">
      <Filter>Source Files</Filter>
    </ClCompile>
    <ClCompile Include="..\..\..\Common\ThreadCheck.cpp">
      <Filter>Source Files</Filter>
    </ClCompile>
    <ClCompile Include="..\..\..\Common\VMem.cpp">
      <Filter>Source Files</Filter>
    </ClCompile>
    <ClCompile Include="..\..\..\Common\VMemPool.cpp">
      <Filter>Source Files</Filter>
    </ClCompile>
    <ClCompile Include="..\..\..\Common\GlobalGameServerForAdminTool.cpp">
      <Filter>Source Files</Filter>
    </ClCompile>
  </ItemGroup>
  <ItemGroup>
    <ResourceCompile Include="AtumAdminTool.rc">
      <Filter>Source Files</Filter>
    </ResourceCompile>
  </ItemGroup>
  <ItemGroup>
    <ClInclude Include="AccountInfoDlg.h">
      <Filter>Header Files</Filter>
    </ClInclude>
    <ClInclude Include="AdminAutoNoticeDlg.h">
      <Filter>Header Files</Filter>
    </ClInclude>
    <ClInclude Include="ArenaCharSend.h">
      <Filter>Header Files</Filter>
    </ClInclude>
    <ClInclude Include="AtumAdminTool.h">
      <Filter>Header Files</Filter>
    </ClInclude>
    <ClInclude Include="AtumAdminToolDlg.h">
      <Filter>Header Files</Filter>
    </ClInclude>
    <ClInclude Include="BlockAccountDlg.h">
      <Filter>Header Files</Filter>
    </ClInclude>
    <ClInclude Include="BlockAccountListDlg.h">
      <Filter>Header Files</Filter>
    </ClInclude>
    <ClInclude Include="Main\cashshopmanagementdlg.h">
      <Filter>Header Files</Filter>
    </ClInclude>
    <ClInclude Include="characterinfodlg.h">
      <Filter>Header Files</Filter>
    </ClInclude>
    <ClInclude Include="DeclarationOfWar.h">
      <Filter>Header Files</Filter>
    </ClInclude>
    <ClInclude Include="DeletedCharacter.h">
      <Filter>Header Files</Filter>
    </ClInclude>
    <ClInclude Include="Main\dlgmsgbox.h">
      <Filter>Header Files</Filter>
    </ClInclude>
    <ClInclude Include="Main\dlgsetinfluencerate.h">
      <Filter>Header Files</Filter>
    </ClInclude>
    <ClInclude Include="Main\editguilddlg.h">
      <Filter>Header Files</Filter>
    </ClInclude>
    <ClInclude Include="Main\eventmonstermanagementdlg.h">
      <Filter>Header Files</Filter>
    </ClInclude>
    <ClInclude Include="ExpViewerDlg.h">
      <Filter>Header Files</Filter>
    </ClInclude>
    <ClInclude Include="Main\guildmarkrecognitiondlg.h">
      <Filter>Header Files</Filter>
    </ClInclude>
    <ClInclude Include="InflWarListDlg.h">
      <Filter>Header Files</Filter>
    </ClInclude>
    <ClInclude Include="LeaderElection.h">
      <Filter>Header Files</Filter>
    </ClInclude>
    <ClInclude Include="logtabblockaccount.h">
      <Filter>Header Files</Filter>
    </ClInclude>
    <ClInclude Include="LogTabConnection.h">
      <Filter>Header Files</Filter>
    </ClInclude>
    <ClInclude Include="LogTabGuildItem.h">
      <Filter>Header Files</Filter>
    </ClInclude>
    <ClInclude Include="LogTabItem.h">
      <Filter>Header Files</Filter>
    </ClInclude>
    <ClInclude Include="LogTabServerIntegration.h">
      <Filter>Header Files</Filter>
    </ClInclude>
    <ClInclude Include="LogTabUser.h">
      <Filter>Header Files</Filter>
    </ClInclude>
    <ClInclude Include="..\FieldServer\MemoryHackHistory.h">
      <Filter>Header Files</Filter>
    </ClInclude>
    <ClInclude Include="Main\MGameMonitor.h">
      <Filter>Header Files</Filter>
    </ClInclude>
    <ClInclude Include="ModifyItemDlg.h">
      <Filter>Header Files</Filter>
    </ClInclude>
    <ClInclude Include="Main\MyTabCtrl.h">
      <Filter>Header Files</Filter>
    </ClInclude>
    <ClInclude Include="PartnerDlg.h">
      <Filter>Header Files</Filter>
    </ClInclude>
    <ClInclude Include="PetitionManagementDlg.h">
      <Filter>Header Files</Filter>
    </ClInclude>
    <ClInclude Include="PremiumInfoDlg.h">
      <Filter>Header Files</Filter>
    </ClInclude>
    <ClInclude Include="PWDDlg.h">
      <Filter>Header Files</Filter>
    </ClInclude>
    <ClInclude Include="RealignmentCashItemDlg.h">
      <Filter>Header Files</Filter>
    </ClInclude>
    <ClInclude Include="RenewalStrategyPointAdminDlg.h">
      <Filter>Header Files</Filter>
    </ClInclude>
    <ClInclude Include="ReportCtrl.h">
      <Filter>Header Files</Filter>
    </ClInclude>
    <ClInclude Include="Resource.h">
      <Filter>Header Files</Filter>
    </ClInclude>
    <ClInclude Include="Main\SCAdminWinSocket.h">
      <Filter>Header Files</Filter>
    </ClInclude>
    <ClInclude Include="SCBadUserAdminDlg.h">
      <Filter>Header Files</Filter>
    </ClInclude>
    <ClInclude Include="SCGridHelper.h">
      <Filter>Header Files</Filter>
    </ClInclude>
    <ClInclude Include="SCGuildAdminDlg.h">
      <Filter>Header Files</Filter>
    </ClInclude>
    <ClInclude Include="SCHappyHourEventAdminDlg.h">
      <Filter>Header Files</Filter>
    </ClInclude>
    <ClInclude Include="SCItemEventDlg.h">
      <Filter>Header Files</Filter>
    </ClInclude>
    <ClInclude Include="SCLogAdminDlg.h">
      <Filter>Header Files</Filter>
    </ClInclude>
    <ClInclude Include="SCMonthlyArmorEventDlg.h">
      <Filter>Header Files</Filter>
    </ClInclude>
    <ClInclude Include="SCOutPostDlg.h">
      <Filter>Header Files</Filter>
    </ClInclude>
    <ClInclude Include="scserveradmindlg.h">
      <Filter>Header Files</Filter>
    </ClInclude>
    <ClInclude Include="SCStrategyPointAdminDlg.h">
      <Filter>Header Files</Filter>
    </ClInclude>
    <ClInclude Include="SCUserAdminDlg.h">
      <Filter>Header Files</Filter>
    </ClInclude>
    <ClInclude Include="SelectItemDlg.h">
      <Filter>Header Files</Filter>
    </ClInclude>
    <ClInclude Include="Main\seteventmonsterdlg.h">
      <Filter>Header Files</Filter>
    </ClInclude>
    <ClInclude Include="Main\sethappyev.h">
      <Filter>Header Files</Filter>
    </ClInclude>
    <ClInclude Include="SetItemEv.h">
      <Filter>Header Files</Filter>
    </ClInclude>
    <ClInclude Include="SetLanguageDlg.h">
      <Filter>Header Files</Filter>
    </ClInclude>
    <ClInclude Include="Main\setlimitusercountdlg.h">
      <Filter>Header Files</Filter>
    </ClInclude>
    <ClInclude Include="Main\setpcbanghappyev.h">
      <Filter>Header Files</Filter>
    </ClInclude>
    <ClInclude Include="StaisticsMoneyDlg.h">
      <Filter>Header Files</Filter>
    </ClInclude>
    <ClInclude Include="StdAfx.h">
      <Filter>Header Files</Filter>
    </ClInclude>
    <ClInclude Include="Main\TrayIcon.h">
      <Filter>Header Files</Filter>
    </ClInclude>
    <ClInclude Include="Main\wrankingmanagement.h">
      <Filter>Header Files</Filter>
    </ClInclude>
    <ClInclude Include="Main\wrsevicesettingdlg.h">
      <Filter>Header Files</Filter>
    </ClInclude>
    <ClInclude Include="Main\wrupdateranking.h">
      <Filter>Header Files</Filter>
    </ClInclude>
    <ClInclude Include="Main\xortestdlg.h">
      <Filter>Header Files</Filter>
    </ClInclude>
    <ClInclude Include="..\..\..\Common\GridCtrl\CellRange.h">
      <Filter>Header Files</Filter>
    </ClInclude>
    <ClInclude Include="..\..\..\Common\GridCtrl\GridCell.h">
      <Filter>Header Files</Filter>
    </ClInclude>
    <ClInclude Include="..\..\..\Common\GridCtrl\GridCellBase.h">
      <Filter>Header Files</Filter>
    </ClInclude>
    <ClInclude Include="..\..\..\Common\GridCtrl\GridCtrl.h">
      <Filter>Header Files</Filter>
    </ClInclude>
    <ClInclude Include="..\..\..\Common\GridCtrl\GridDropTarget.h">
      <Filter>Header Files</Filter>
    </ClInclude>
    <ClInclude Include="..\..\..\Common\historycombobox.h">
      <Filter>Header Files</Filter>
    </ClInclude>
    <ClInclude Include="..\..\..\Common\GridCtrl\InPlaceEdit.h">
      <Filter>Header Files</Filter>
    </ClInclude>
    <ClInclude Include="..\..\..\Common\GridCtrl\MemDC.h">
      <Filter>Header Files</Filter>
    </ClInclude>
    <ClInclude Include="..\..\..\Common\ODBCStatement.h">
      <Filter>Header Files</Filter>
    </ClInclude>
    <ClInclude Include="..\..\..\Common\GridCtrl\TitleTip.h">
      <Filter>Header Files</Filter>
    </ClInclude>
    <ClInclude Include="..\..\..\Common\WavePlayer.h">
      <Filter>Header Files</Filter>
    </ClInclude>
    <ClInclude Include="..\..\..\Common\WayPointManager.h">
      <Filter>Header Files</Filter>
    </ClInclude>
    <ClInclude Include="..\..\..\Common\WinPacket.h">
      <Filter>Header Files</Filter>
    </ClInclude>
    <ClInclude Include="..\..\..\Common\WinSocket.h">
      <Filter>Header Files</Filter>
    </ClInclude>
    <ClInclude Include="..\..\..\Common\XOR_Lib.h">
      <Filter>Header Files</Filter>
    </ClInclude>
  </ItemGroup>
  <ItemGroup>
    <Image Include="atum.ico">
      <Filter>Resource Files</Filter>
    </Image>
    <Image Include="res\AtumAdminTool.ico">
      <Filter>Resource Files</Filter>
    </Image>
    <Image Include="bitmap1.bmp">
      <Filter>Resource Files</Filter>
    </Image>
    <Image Include="CheckImage.bmp">
      <Filter>Resource Files</Filter>
    </Image>
  </ItemGroup>
  <ItemGroup>
    <Media Include="00000062.wav" />
  </ItemGroup>
  <ItemGroup>
    <Text Include="AtumAdminToolModifyList.txt" />
    <Text Include="ReadMe.txt" />
  </ItemGroup>
  <ItemGroup>
    <CustomBuild Include="res\AtumAdminTool.rc2">
      <Filter>Resource Files</Filter>
    </CustomBuild>
  </ItemGroup>
</Project>