<?xml version="1.0" encoding="utf-8"?>
<Project ToolsVersion="4.0" xmlns="http://schemas.microsoft.com/developer/msbuild/2003">
  <ItemGroup>
    <Filter Include="Source Files">
      <UniqueIdentifier>{89244d02-1eed-4e6c-bfa1-13816260a5f4}</UniqueIdentifier>
      <Extensions>cpp;c;cxx;rc;def;r;odl;idl;hpj;bat</Extensions>
    </Filter>
    <Filter Include="Header Files">
      <UniqueIdentifier>{cab2c4a6-031d-48e2-998b-8ba93423b16b}</UniqueIdentifier>
      <Extensions>h;hpp;hxx;hm;inl</Extensions>
    </Filter>
    <Filter Include="Resource Files">
      <UniqueIdentifier>{3c06948b-2e29-440d-83ad-5689dd8154d8}</UniqueIdentifier>
      <Extensions>ico;cur;bmp;dlg;rc2;rct;bin;rgs;gif;jpg;jpeg;jpe</Extensions>
    </Filter>
  </ItemGroup>
  <ItemGroup>
    <ClCompile Include="AllGuildItemManager.cpp">
      <Filter>Source Files</Filter>
    </ClCompile>
    <ClCompile Include="ArenaDeathMatchRoom.cpp">
      <Filter>Source Files</Filter>
    </ClCompile>
    <ClCompile Include="ArenaFieldWinSocket.cpp">
      <Filter>Source Files</Filter>
    </ClCompile>
    <ClCompile Include="ArenaManager.cpp">
      <Filter>Source Files</Filter>
    </ClCompile>
    <ClCompile Include="ArenaTeam.cpp">
      <Filter>Source Files</Filter>
    </ClCompile>
    <ClCompile Include="ArenaTickManager.cpp">
      <Filter>Source Files</Filter>
    </ClCompile>
    <ClCompile Include="Main\ArmorCollection.cpp">
      <Filter>Source Files</Filter>
    </ClCompile>
    <ClCompile Include="main\AtumFieldDBManager.cpp">
      <Filter>Source Files</Filter>
    </ClCompile>
    <ClCompile Include="Main\BazaarManager.cpp">
      <Filter>Source Files</Filter>
    </ClCompile>
    <ClCompile Include="Main\BunchCountableItemCount.cpp">
      <Filter>Source Files</Filter>
    </ClCompile>
    <ClCompile Include="Main\CallWarpEventManager.cpp">
      <Filter>Source Files</Filter>
    </ClCompile>
    <ClCompile Include="Cinema.cpp">
      <Filter>Source Files</Filter>
    </ClCompile>
    <ClCompile Include="CityLeader.cpp">
      <Filter>Source Files</Filter>
    </ClCompile>
    <ClCompile Include="Main\CityWar.cpp">
      <Filter>Source Files</Filter>
    </ClCompile>
    <ClCompile Include="Main\CityWarManager.cpp">
      <Filter>Source Files</Filter>
    </ClCompile>
    <ClCompile Include="Main\CollectionManager.cpp">
      <Filter>Source Files</Filter>
    </ClCompile>
    <ClCompile Include="Main\CouponManager.cpp">
      <Filter>Source Files</Filter>
    </ClCompile>
    <ClCompile Include="DissolutionItemmanager.cpp">
      <Filter>Source Files</Filter>
    </ClCompile>
    <ClCompile Include="Main\DropItemManager.cpp">
      <Filter>Source Files</Filter>
    </ClCompile>
    <ClCompile Include="Main\EXPDivisionManager.cpp">
      <Filter>Source Files</Filter>
    </ClCompile>
    <ClCompile Include="Main\FieldCharacterQuest.cpp">
      <Filter>Source Files</Filter>
    </ClCompile>
    <ClCompile Include="Main\FieldDataManager.cpp">
      <Filter>Source Files</Filter>
    </ClCompile>
    <ClCompile Include="FieldDebuff.cpp">
      <Filter>Source Files</Filter>
    </ClCompile>
    <ClCompile Include="FieldDot.cpp">
      <Filter>Source Files</Filter>
    </ClCompile>
    <ClCompile Include="Main\FieldGlobal.cpp">
      <Filter>Source Files</Filter>
    </ClCompile>
    <ClCompile Include="main\FieldIOCP.cpp">
      <Filter>Source Files</Filter>
    </ClCompile>
    <ClCompile Include="main\FieldIOCPSocket.cpp">
      <Filter>Source Files</Filter>
    </ClCompile>
    <ClCompile Include="Main\FieldIOCPSocket2.cpp">
      <Filter>Source Files</Filter>
    </ClCompile>
    <ClCompile Include="Main\FieldItemManager.cpp">
      <Filter>Source Files</Filter>
    </ClCompile>
    <ClCompile Include="Main\FieldMapChannel.cpp">
      <Filter>Source Files</Filter>
    </ClCompile>
    <ClCompile Include="main\FieldMapProject.cpp">
      <Filter>Source Files</Filter>
    </ClCompile>
    <ClCompile Include="main\FieldMapWorkspace.cpp">
      <Filter>Source Files</Filter>
    </ClCompile>
    <ClCompile Include="Main\FieldMonster.cpp">
      <Filter>Source Files</Filter>
    </ClCompile>
    <ClCompile Include="Main\FieldODBC.cpp">
      <Filter>Source Files</Filter>
    </ClCompile>
    <ClCompile Include="Main\FieldParty.cpp">
      <Filter>Source Files</Filter>
    </ClCompile>
    <ClCompile Include="FieldServer.cpp">
      <Filter>Source Files</Filter>
    </ClCompile>
    <ClCompile Include="Main\FieldSkillManager.cpp">
      <Filter>Source Files</Filter>
    </ClCompile>
    <ClCompile Include="Main\FieldTickManager.cpp">
      <Filter>Source Files</Filter>
    </ClCompile>
    <ClCompile Include="Main\FieldTimerManager.cpp">
      <Filter>Source Files</Filter>
    </ClCompile>
    <ClCompile Include="Main\GameEventManager.cpp">
      <Filter>Source Files</Filter>
    </ClCompile>
    <ClCompile Include="Main\GeneralRequestHandler.cpp">
      <Filter>Source Files</Filter>
    </ClCompile>
    <ClCompile Include="GiveItemManager.cpp">
      <Filter>Source Files</Filter>
    </ClCompile>
    <ClCompile Include="GuildDamageManager.cpp">
      <Filter>Source Files</Filter>
    </ClCompile>
    <ClCompile Include="GuildItemManager.cpp">
      <Filter>Source Files</Filter>
    </ClCompile>
    <ClCompile Include="Main\GuildWar.cpp">
      <Filter>Source Files</Filter>
    </ClCompile>
    <ClCompile Include="Main\HappyHourEventManager.cpp">
      <Filter>Source Files</Filter>
    </ClCompile>
    <ClCompile Include="main\IMWinSocket.cpp">
      <Filter>Source Files</Filter>
    </ClCompile>
    <ClCompile Include="InfinityBase.cpp">
      <Filter>Source Files</Filter>
    </ClCompile>
    <ClCompile Include="InfinityBossrush.cpp">
      <Filter>Source Files</Filter>
    </ClCompile>
    <ClCompile Include="InfinityDefence.cpp">
      <Filter>Source Files</Filter>
    </ClCompile>
    <ClCompile Include="InfinityManager.cpp">
      <Filter>Source Files</Filter>
    </ClCompile>
    <ClCompile Include="InfinityMapManager.cpp">
      <Filter>Source Files</Filter>
    </ClCompile>
    <ClCompile Include="InfinityMShipBattle.cpp">
      <Filter>Source Files</Filter>
    </ClCompile>
    <ClCompile Include="InfinityTickManager.cpp">
      <Filter>Source Files</Filter>
    </ClCompile>
    <ClCompile Include="Main\InflRateManager.cpp">
      <Filter>Source Files</Filter>
    </ClCompile>
    <ClCompile Include="Main\InflWarManager.cpp">
      <Filter>Source Files</Filter>
    </ClCompile>
    <ClCompile Include="InvokingItemInfo.cpp">
      <Filter>Source Files</Filter>
    </ClCompile>
    <ClCompile Include="InvokingItemManager.cpp">
      <Filter>Source Files</Filter>
    </ClCompile>
    <ClCompile Include="LetterManager.cpp">
      <Filter>Source Files</Filter>
    </ClCompile>
    <ClCompile Include="Main\LogWinSocket.cpp">
      <Filter>Source Files</Filter>
    </ClCompile>
    <ClCompile Include="Main\MapOwnership.cpp">
      <Filter>Source Files</Filter>
    </ClCompile>
    <ClCompile Include="MapTriggerManager.cpp">
      <Filter>Source Files</Filter>
    </ClCompile>
    <ClCompile Include="MemoryHackHistory.cpp">
      <Filter>Source Files</Filter>
    </ClCompile>
    <ClCompile Include="MonthlyArmorManager.cpp">
      <Filter>Source Files</Filter>
    </ClCompile>
    <ClCompile Include="OutPost.cpp">
      <Filter>Source Files</Filter>
    </ClCompile>
    <ClCompile Include="OutPostManager.cpp">
      <Filter>Source Files</Filter>
    </ClCompile>
    <ClCompile Include="PCBangIPManager.cpp">
      <Filter>Source Files</Filter>
    </ClCompile>
    <ClCompile Include="PetDataManager.cpp">
      <Filter>Source Files</Filter>
    </ClCompile>
    <ClCompile Include="main\PreWinSocket.cpp">
      <Filter>Source Files</Filter>
    </ClCompile>
    <ClCompile Include="Main\QuestMatching.cpp">
      <Filter>Source Files</Filter>
    </ClCompile>
    <ClCompile Include="Main\Racing.cpp">
      <Filter>Source Files</Filter>
    </ClCompile>
    <ClCompile Include="Main\RacingDemon.cpp">
      <Filter>Source Files</Filter>
    </ClCompile>
    <ClCompile Include="Revision.cpp">
      <Filter>Source Files</Filter>
    </ClCompile>
    <ClCompile Include="Main\ServicePauseManager.cpp">
      <Filter>Source Files</Filter>
    </ClCompile>
    <ClCompile Include="SpeedHackHistory.cpp">
      <Filter>Source Files</Filter>
    </ClCompile>
    <ClCompile Include="StatisticsManager.cpp">
      <Filter>Source Files</Filter>
    </ClCompile>
    <ClCompile Include="StdAfx.cpp">
      <Filter>Source Files</Filter>
    </ClCompile>
    <ClCompile Include="TriggerCrystalDestroyGroup.cpp">
      <Filter>Source Files</Filter>
    </ClCompile>
    <ClCompile Include="TriggerCrystalGroup.cpp">
      <Filter>Source Files</Filter>
    </ClCompile>
    <ClCompile Include="TriggerFunction.cpp">
      <Filter>Source Files</Filter>
    </ClCompile>
    <ClCompile Include="TriggerFunctionCrystal.cpp">
      <Filter>Source Files</Filter>
    </ClCompile>
    <ClCompile Include="TriggerFunctionNGCInflWar.cpp">
      <Filter>Source Files</Filter>
    </ClCompile>
    <ClCompile Include="TriggerFunctionNGOutPost.cpp">
      <Filter>Source Files</Filter>
    </ClCompile>
    <ClCompile Include="TriggerMapBuffManager.cpp">
      <Filter>Source Files</Filter>
    </ClCompile>
    <ClCompile Include="TriggerNGCInflWarMonsterGroup.cpp">
      <Filter>Source Files</Filter>
    </ClCompile>
    <ClCompile Include="WarContributionCalculation.cpp">
      <Filter>Source Files</Filter>
    </ClCompile>
    <ClCompile Include="Main\WRankingFame.cpp">
      <Filter>Source Files</Filter>
    </ClCompile>
    <ClCompile Include="Main\WRankingFameManager.cpp">
      <Filter>Source Files</Filter>
    </ClCompile>
    <ClCompile Include="Main\WRankingLevel.cpp">
      <Filter>Source Files</Filter>
    </ClCompile>
    <ClCompile Include="Main\WRankingLevelManager.cpp">
      <Filter>Source Files</Filter>
    </ClCompile>
    <ClCompile Include="Main\WRankingManager.cpp">
      <Filter>Source Files</Filter>
    </ClCompile>
    <ClCompile Include="Main\WRankingPVP.cpp">
      <Filter>Source Files</Filter>
    </ClCompile>
    <ClCompile Include="Main\WRankingPVPManager.cpp">
      <Filter>Source Files</Filter>
    </ClCompile>
    <ClCompile Include="Main\WRankingServiceManager.cpp">
      <Filter>Source Files</Filter>
    </ClCompile>
    <ClCompile Include="Main\DGAEventManger.cpp">
      <Filter>Source Files</Filter>
    </ClCompile>
    <ClCompile Include="..\..\..\Common\AtumDateTime.cpp">
      <Filter>Source Files</Filter>
    </ClCompile>
    <ClCompile Include="..\..\..\Common\AtumDBHelper.cpp">
      <Filter>Source Files</Filter>
    </ClCompile>
    <ClCompile Include="..\..\..\Common\AtumDBManager.cpp">
      <Filter>Source Files</Filter>
    </ClCompile>
    <ClCompile Include="..\..\..\Common\AtumLogSender.cpp">
      <Filter>Source Files</Filter>
    </ClCompile>
    <ClCompile Include="..\..\..\Common\AtumParamProtocol.cpp">
      <Filter>Source Files</Filter>
    </ClCompile>
    <ClCompile Include="..\..\..\Common\AtumParamProtocolFunctions.cpp">
      <Filter>Source Files</Filter>
    </ClCompile>
    <ClCompile Include="..\..\..\Common\AtumSJ.cpp">
      <Filter>Source Files</Filter>
    </ClCompile>
    <ClCompile Include="..\..\..\Common\ChatBlockManager.cpp">
      <Filter>Source Files</Filter>
    </ClCompile>
    <ClCompile Include="..\..\..\Common\Config.cpp">
      <Filter>Source Files</Filter>
    </ClCompile>
    <ClCompile Include="..\..\..\Common\CountdownChecker.cpp">
      <Filter>Source Files</Filter>
    </ClCompile>
    <ClCompile Include="..\..\..\Common\Debuff.cpp">
      <Filter>Source Files</Filter>
    </ClCompile>
    <ClCompile Include="..\..\..\Common\Dot.cpp">
      <Filter>Source Files</Filter>
    </ClCompile>
    <ClCompile Include="..\..\..\Common\GameDataLast.cpp">
      <Filter>Source Files</Filter>
    </ClCompile>
    <ClCompile Include="..\..\..\Common\GenericHTTPClient.cpp">
      <Filter>Source Files</Filter>
    </ClCompile>
    <ClCompile Include="..\..\..\Common\GlobalFunc.cpp">
      <Filter>Source Files</Filter>
    </ClCompile>
    <ClCompile Include="..\..\..\Common\GlobalGameServer.cpp">
      <Filter>Source Files</Filter>
    </ClCompile>
    <ClCompile Include="..\..\..\Common\IOCP.cpp">
      <Filter>Source Files</Filter>
    </ClCompile>
    <ClCompile Include="..\..\..\Common\IOCPSocket.cpp">
      <Filter>Source Files</Filter>
    </ClCompile>
    <ClCompile Include="..\..\..\Common\LoadLibrary.cpp">
      <Filter>Source Files</Filter>
    </ClCompile>
    <ClCompile Include="..\..\..\Common\MapBlock.cpp">
      <Filter>Source Files</Filter>
    </ClCompile>
    <ClCompile Include="..\..\..\Common\MapChannel.cpp">
      <Filter>Source Files</Filter>
    </ClCompile>
    <ClCompile Include="..\..\..\Common\MapProject.cpp">
      <Filter>Source Files</Filter>
    </ClCompile>
    <ClCompile Include="..\..\..\Common\MapWorkspace.cpp">
      <Filter>Source Files</Filter>
    </ClCompile>
    <ClCompile Include="..\..\..\Common\md5_lib_src.cpp">
      <Filter>Source Files</Filter>
    </ClCompile>
    <ClCompile Include="..\..\..\Common\Monster.cpp">
      <Filter>Source Files</Filter>
    </ClCompile>
    <ClCompile Include="..\..\..\Common\MonsterDBAccess.cpp">
      <Filter>Source Files</Filter>
    </ClCompile>
    <ClCompile Include="..\..\..\Common\NPCScripts.cpp">
      <Filter>Source Files</Filter>
    </ClCompile>
    <ClCompile Include="..\..\..\Common\ODBCStatement.cpp">
      <Filter>Source Files</Filter>
    </ClCompile>
    <ClCompile Include="..\..\..\Common\Overlapped.cpp">
      <Filter>Source Files</Filter>
    </ClCompile>
    <ClCompile Include="..\..\..\Common\Quest.cpp">
      <Filter>Source Files</Filter>
    </ClCompile>
    <ClCompile Include="..\..\..\Common\QueueINT.cpp">
      <Filter>Source Files</Filter>
    </ClCompile>
    <ClCompile Include="..\..\..\Common\sha256.cpp">
      <Filter>Source Files</Filter>
    </ClCompile>
    <ClCompile Include="..\..\..\Common\SocketHeader.cpp">
      <Filter>Source Files</Filter>
    </ClCompile>
    <ClCompile Include="..\..\..\Common\SystemLogManager.cpp">
      <Filter>Source Files</Filter>
    </ClCompile>
    <ClCompile Include="..\..\..\Common\ThreadCheck.cpp">
      <Filter>Source Files</Filter>
    </ClCompile>
    <ClCompile Include="..\..\..\Common\TickManager.cpp">
      <Filter>Source Files</Filter>
    </ClCompile>
    <ClCompile Include="..\..\..\Common\UserVariable.cpp">
      <Filter>Source Files</Filter>
    </ClCompile>
    <ClCompile Include="..\..\..\Common\VMem.cpp">
      <Filter>Source Files</Filter>
    </ClCompile>
    <ClCompile Include="..\..\..\Common\VMemPool.cpp">
      <Filter>Source Files</Filter>
    </ClCompile>
    <ClCompile Include="..\..\..\Common\WayPointManager.cpp">
      <Filter>Source Files</Filter>
    </ClCompile>
    <ClCompile Include="..\..\..\Common\WinSocket.cpp">
      <Filter>Source Files</Filter>
    </ClCompile>
    <ClCompile Include="..\..\..\Common\XOR_Lib.cpp">
      <Filter>Source Files</Filter>
    </ClCompile>
    <ClCompile Include="..\..\..\Common\CipherRA.cpp">
      <Filter>Source Files</Filter>
    </ClCompile>
    <ClCompile Include="Main\WarpRestrictionManager.cpp">
      <Filter>Source Files</Filter>
    </ClCompile>
    <ClCompile Include="Loop.cpp">
      <Filter>Source Files</Filter>
    </ClCompile>
    <ClCompile Include="..\..\..\Common\Random.cpp">
      <Filter>Source Files</Filter>
    </ClCompile>
    <ClCompile Include="Main\LastHitManager.cpp">
      <Filter>Source Files</Filter>
    </ClCompile>
  </ItemGroup>
  <ItemGroup>
    <ResourceCompile Include="FieldServer.rc">
      <Filter>Source Files</Filter>
    </ResourceCompile>
  </ItemGroup>
  <ItemGroup>
    <ClInclude Include="AllGuildItemManager.h">
      <Filter>Header Files</Filter>
    </ClInclude>
    <ClInclude Include="ArenaDeathMatchRoom.h">
      <Filter>Header Files</Filter>
    </ClInclude>
    <ClInclude Include="ArenaFieldWinSocket.h">
      <Filter>Header Files</Filter>
    </ClInclude>
    <ClInclude Include="ArenaManager.h">
      <Filter>Header Files</Filter>
    </ClInclude>
    <ClInclude Include="ArenaTeam.h">
      <Filter>Header Files</Filter>
    </ClInclude>
    <ClInclude Include="ArenaTickManager.h">
      <Filter>Header Files</Filter>
    </ClInclude>
    <ClInclude Include="Main\ArmorCollection.h">
      <Filter>Header Files</Filter>
    </ClInclude>
    <ClInclude Include="main\AtumFieldDBManager.h">
      <Filter>Header Files</Filter>
    </ClInclude>
    <ClInclude Include="Main\BazaarManager.h">
      <Filter>Header Files</Filter>
    </ClInclude>
    <ClInclude Include="Main\BunchCountableItemCount.h">
      <Filter>Header Files</Filter>
    </ClInclude>
    <ClInclude Include="Main\CallWarpEventManager.h">
      <Filter>Header Files</Filter>
    </ClInclude>
    <ClInclude Include="Cinema.h">
      <Filter>Header Files</Filter>
    </ClInclude>
    <ClInclude Include="CityLeader.h">
      <Filter>Header Files</Filter>
    </ClInclude>
    <ClInclude Include="Main\CityWar.h">
      <Filter>Header Files</Filter>
    </ClInclude>
    <ClInclude Include="Main\CityWarManager.h">
      <Filter>Header Files</Filter>
    </ClInclude>
    <ClInclude Include="Main\CollectionManager.h">
      <Filter>Header Files</Filter>
    </ClInclude>
    <ClInclude Include="Main\CouponManager.h">
      <Filter>Header Files</Filter>
    </ClInclude>
    <ClInclude Include="DissolutionItemmanager.h">
      <Filter>Header Files</Filter>
    </ClInclude>
    <ClInclude Include="Main\DropItemManager.h">
      <Filter>Header Files</Filter>
    </ClInclude>
    <ClInclude Include="Main\EXPDivisionManager.h">
      <Filter>Header Files</Filter>
    </ClInclude>
    <ClInclude Include="Main\FieldCharacterQuest.h">
      <Filter>Header Files</Filter>
    </ClInclude>
    <ClInclude Include="Main\FieldDataManager.h">
      <Filter>Header Files</Filter>
    </ClInclude>
    <ClInclude Include="FieldDebuff.h">
      <Filter>Header Files</Filter>
    </ClInclude>
    <ClInclude Include="FieldDot.h">
      <Filter>Header Files</Filter>
    </ClInclude>
    <ClInclude Include="Main\FieldGlobal.h">
      <Filter>Header Files</Filter>
    </ClInclude>
    <ClInclude Include="main\FieldIOCP.h">
      <Filter>Header Files</Filter>
    </ClInclude>
    <ClInclude Include="main\FieldIOCPSocket.h">
      <Filter>Header Files</Filter>
    </ClInclude>
    <ClInclude Include="Main\FieldItemManager.h">
      <Filter>Header Files</Filter>
    </ClInclude>
    <ClInclude Include="Main\FieldMapChannel.h">
      <Filter>Header Files</Filter>
    </ClInclude>
    <ClInclude Include="main\FieldMapProject.h">
      <Filter>Header Files</Filter>
    </ClInclude>
    <ClInclude Include="main\FieldMapWorkspace.h">
      <Filter>Header Files</Filter>
    </ClInclude>
    <ClInclude Include="Main\FieldMonster.h">
      <Filter>Header Files</Filter>
    </ClInclude>
    <ClInclude Include="Main\FieldODBC.h">
      <Filter>Header Files</Filter>
    </ClInclude>
    <ClInclude Include="Main\FieldParty.h">
      <Filter>Header Files</Filter>
    </ClInclude>
    <ClInclude Include="FieldServer.h">
      <Filter>Header Files</Filter>
    </ClInclude>
    <ClInclude Include="Main\FieldSkillManager.h">
      <Filter>Header Files</Filter>
    </ClInclude>
    <ClInclude Include="Main\FieldTickManager.h">
      <Filter>Header Files</Filter>
    </ClInclude>
    <ClInclude Include="Main\FieldTimerManager.h">
      <Filter>Header Files</Filter>
    </ClInclude>
    <ClInclude Include="Main\GameEventManager.h">
      <Filter>Header Files</Filter>
    </ClInclude>
    <ClInclude Include="Main\GeneralRequestHandler.h">
      <Filter>Header Files</Filter>
    </ClInclude>
    <ClInclude Include="GiveItemManager.h">
      <Filter>Header Files</Filter>
    </ClInclude>
    <ClInclude Include="GuildDamageManager.h">
      <Filter>Header Files</Filter>
    </ClInclude>
    <ClInclude Include="GuildItemManager.h">
      <Filter>Header Files</Filter>
    </ClInclude>
    <ClInclude Include="Main\GuildWar.h">
      <Filter>Header Files</Filter>
    </ClInclude>
    <ClInclude Include="Main\HappyHourEventManager.h">
      <Filter>Header Files</Filter>
    </ClInclude>
    <ClInclude Include="main\IMWinSocket.h">
      <Filter>Header Files</Filter>
    </ClInclude>
    <ClInclude Include="InfinityBase.h">
      <Filter>Header Files</Filter>
    </ClInclude>
    <ClInclude Include="InfinityBossrush.h">
      <Filter>Header Files</Filter>
    </ClInclude>
    <ClInclude Include="InfinityDefence.h">
      <Filter>Header Files</Filter>
    </ClInclude>
    <ClInclude Include="InfinityManager.h">
      <Filter>Header Files</Filter>
    </ClInclude>
    <ClInclude Include="InfinityMapManager.h">
      <Filter>Header Files</Filter>
    </ClInclude>
    <ClInclude Include="InfinityMShipBattle.h">
      <Filter>Header Files</Filter>
    </ClInclude>
    <ClInclude Include="InfinityTickManager.h">
      <Filter>Header Files</Filter>
    </ClInclude>
    <ClInclude Include="Main\InflRateManager.h">
      <Filter>Header Files</Filter>
    </ClInclude>
    <ClInclude Include="Main\InflWarManager.h">
      <Filter>Header Files</Filter>
    </ClInclude>
    <ClInclude Include="InvokingItemInfo.h">
      <Filter>Header Files</Filter>
    </ClInclude>
    <ClInclude Include="InvokingItemManager.h">
      <Filter>Header Files</Filter>
    </ClInclude>
    <ClInclude Include="LetterManager.h">
      <Filter>Header Files</Filter>
    </ClInclude>
    <ClInclude Include="Main\LogWinSocket.h">
      <Filter>Header Files</Filter>
    </ClInclude>
    <ClInclude Include="Main\MallAgentConnect.h">
      <Filter>Header Files</Filter>
    </ClInclude>
    <ClInclude Include="Main\MapOwnership.h">
      <Filter>Header Files</Filter>
    </ClInclude>
    <ClInclude Include="MapTriggerManager.h">
      <Filter>Header Files</Filter>
    </ClInclude>
    <ClInclude Include="MemoryHackHistory.h">
      <Filter>Header Files</Filter>
    </ClInclude>
    <ClInclude Include="MonthlyArmorManager.h">
      <Filter>Header Files</Filter>
    </ClInclude>
    <ClInclude Include="OutPost.h">
      <Filter>Header Files</Filter>
    </ClInclude>
    <ClInclude Include="OutPostManager.h">
      <Filter>Header Files</Filter>
    </ClInclude>
    <ClInclude Include="PCBangIPManager.h">
      <Filter>Header Files</Filter>
    </ClInclude>
    <ClInclude Include="PetDataManager.h">
      <Filter>Header Files</Filter>
    </ClInclude>
    <ClInclude Include="main\PreWinSocket.h">
      <Filter>Header Files</Filter>
    </ClInclude>
    <ClInclude Include="Main\QuestMatching.h">
      <Filter>Header Files</Filter>
    </ClInclude>
    <ClInclude Include="Main\Racing.h">
      <Filter>Header Files</Filter>
    </ClInclude>
    <ClInclude Include="Main\RacingDemon.h">
      <Filter>Header Files</Filter>
    </ClInclude>
    <ClInclude Include="resource.h">
      <Filter>Header Files</Filter>
    </ClInclude>
    <ClInclude Include="Revision.h">
      <Filter>Header Files</Filter>
    </ClInclude>
    <ClInclude Include="Main\ServicePauseManager.h">
      <Filter>Header Files</Filter>
    </ClInclude>
    <ClInclude Include="SpeedHackHistory.h">
      <Filter>Header Files</Filter>
    </ClInclude>
    <ClInclude Include="StatisticsManager.h">
      <Filter>Header Files</Filter>
    </ClInclude>
    <ClInclude Include="StdAfx.h">
      <Filter>Header Files</Filter>
    </ClInclude>
    <ClInclude Include="TriggerCrystalDestroyGroup.h">
      <Filter>Header Files</Filter>
    </ClInclude>
    <ClInclude Include="TriggerCrystalGroup.h">
      <Filter>Header Files</Filter>
    </ClInclude>
    <ClInclude Include="TriggerFunction.h">
      <Filter>Header Files</Filter>
    </ClInclude>
    <ClInclude Include="TriggerFunctionCrystal.h">
      <Filter>Header Files</Filter>
    </ClInclude>
    <ClInclude Include="TriggerFunctionNGCInflWar.h">
      <Filter>Header Files</Filter>
    </ClInclude>
    <ClInclude Include="TriggerFunctionNGOutPost.h">
      <Filter>Header Files</Filter>
    </ClInclude>
    <ClInclude Include="TriggerMapBuffManager.h">
      <Filter>Header Files</Filter>
    </ClInclude>
    <ClInclude Include="TriggerNGCInflWarMonsterGroup.h">
      <Filter>Header Files</Filter>
    </ClInclude>
    <ClInclude Include="WarContributionCalculation.h">
      <Filter>Header Files</Filter>
    </ClInclude>
    <ClInclude Include="Main\WRankingFame.h">
      <Filter>Header Files</Filter>
    </ClInclude>
    <ClInclude Include="Main\WRankingFameManager.h">
      <Filter>Header Files</Filter>
    </ClInclude>
    <ClInclude Include="Main\WRankingLevel.h">
      <Filter>Header Files</Filter>
    </ClInclude>
    <ClInclude Include="Main\WRankingLevelManager.h">
      <Filter>Header Files</Filter>
    </ClInclude>
    <ClInclude Include="Main\WRankingManager.h">
      <Filter>Header Files</Filter>
    </ClInclude>
    <ClInclude Include="Main\WRankingPVP.h">
      <Filter>Header Files</Filter>
    </ClInclude>
    <ClInclude Include="Main\WRankingPVPManager.h">
      <Filter>Header Files</Filter>
    </ClInclude>
    <ClInclude Include="Main\WRankingServiceManager.h">
      <Filter>Header Files</Filter>
    </ClInclude>
    <ClInclude Include="Main\DGAEventManager.h">
      <Filter>Header Files</Filter>
    </ClInclude>
    <ClInclude Include="..\..\..\Common\AtumDataLoader.h">
      <Filter>Header Files</Filter>
    </ClInclude>
    <ClInclude Include="..\..\..\Common\AtumDateTime.h">
      <Filter>Header Files</Filter>
    </ClInclude>
    <ClInclude Include="..\..\..\Common\AtumDBHelper.h">
      <Filter>Header Files</Filter>
    </ClInclude>
    <ClInclude Include="..\..\..\Common\AtumDBManager.h">
      <Filter>Header Files</Filter>
    </ClInclude>
    <ClInclude Include="..\..\..\Common\AtumError.h">
      <Filter>Header Files</Filter>
    </ClInclude>
    <ClInclude Include="..\..\..\Common\AtumLogSender.h">
      <Filter>Header Files</Filter>
    </ClInclude>
    <ClInclude Include="..\..\..\Common\AtumParam.h">
      <Filter>Header Files</Filter>
    </ClInclude>
    <ClInclude Include="..\..\..\Common\AtumProtocol.h">
      <Filter>Header Files</Filter>
    </ClInclude>
    <ClInclude Include="..\..\..\Common\AtumSJ.h">
      <Filter>Header Files</Filter>
    </ClInclude>
    <ClInclude Include="..\..\..\Common\AtumTime.h">
      <Filter>Header Files</Filter>
    </ClInclude>
    <ClInclude Include="..\..\..\Common\ChatBlockManager.h">
      <Filter>Header Files</Filter>
    </ClInclude>
    <ClInclude Include="..\..\..\Common\Config.h">
      <Filter>Header Files</Filter>
    </ClInclude>
    <ClInclude Include="..\..\..\Common\CountdownChecker.h">
      <Filter>Header Files</Filter>
    </ClInclude>
    <ClInclude Include="..\..\..\Common\Debuff.h">
      <Filter>Header Files</Filter>
    </ClInclude>
    <ClInclude Include="..\..\..\Common\DefineGlobal.h">
      <Filter>Header Files</Filter>
    </ClInclude>
    <ClInclude Include="..\..\..\Common\Dot.h">
      <Filter>Header Files</Filter>
    </ClInclude>
    <ClInclude Include="..\..\..\Common\GameDataLast.h">
      <Filter>Header Files</Filter>
    </ClInclude>
    <ClInclude Include="..\..\..\Common\GlobalGameServer.h">
      <Filter>Header Files</Filter>
    </ClInclude>
    <ClInclude Include="..\..\..\Common\IOCP.h">
      <Filter>Header Files</Filter>
    </ClInclude>
    <ClInclude Include="..\..\..\Common\Localization.h">
      <Filter>Header Files</Filter>
    </ClInclude>
    <ClInclude Include="..\..\..\Common\MapBlock.h">
      <Filter>Header Files</Filter>
    </ClInclude>
    <ClInclude Include="..\..\..\Common\MapChannel.h">
      <Filter>Header Files</Filter>
    </ClInclude>
    <ClInclude Include="..\..\..\Common\MapProject.h">
      <Filter>Header Files</Filter>
    </ClInclude>
    <ClInclude Include="..\..\..\Common\MapWorkspace.h">
      <Filter>Header Files</Filter>
    </ClInclude>
    <ClInclude Include="..\..\..\Common\Monster.h">
      <Filter>Header Files</Filter>
    </ClInclude>
    <ClInclude Include="..\..\..\Common\MonsterDBAccess.h">
      <Filter>Header Files</Filter>
    </ClInclude>
    <ClInclude Include="..\..\..\Common\mt_stl.h">
      <Filter>Header Files</Filter>
    </ClInclude>
    <ClInclude Include="..\..\..\Common\MTAutoCriticalSection.h">
      <Filter>Header Files</Filter>
    </ClInclude>
    <ClInclude Include="..\..\..\Common\MTCriticalSection.h">
      <Filter>Header Files</Filter>
    </ClInclude>
    <ClInclude Include="..\..\..\Common\ODBCStatement.h">
      <Filter>Header Files</Filter>
    </ClInclude>
    <ClInclude Include="..\..\..\Common\Quest.h">
      <Filter>Header Files</Filter>
    </ClInclude>
    <ClInclude Include="..\..\..\Common\QuestLoaderParser.h">
      <Filter>Header Files</Filter>
    </ClInclude>
    <ClInclude Include="..\..\..\Common\QueueINT.h">
      <Filter>Header Files</Filter>
    </ClInclude>
    <ClInclude Include="..\..\..\Common\sha256.h">
      <Filter>Header Files</Filter>
    </ClInclude>
    <ClInclude Include="..\..\..\Common\StringDefineSecurityCommand.h">
      <Filter>Header Files</Filter>
    </ClInclude>
    <ClInclude Include="..\..\..\Common\SystemLogManager.h">
      <Filter>Header Files</Filter>
    </ClInclude>
    <ClInclude Include="..\..\..\Common\TickManager.h">
      <Filter>Header Files</Filter>
    </ClInclude>
    <ClInclude Include="..\..\..\Common\UserVariable.h">
      <Filter>Header Files</Filter>
    </ClInclude>
    <ClInclude Include="..\..\..\Common\VMem.h">
      <Filter>Header Files</Filter>
    </ClInclude>
    <ClInclude Include="..\..\..\Common\VMemPool.h">
      <Filter>Header Files</Filter>
    </ClInclude>
    <ClInclude Include="..\..\..\Common\WayPointManager.h">
      <Filter>Header Files</Filter>
    </ClInclude>
    <ClInclude Include="..\..\..\Common\WinPacket.h">
      <Filter>Header Files</Filter>
    </ClInclude>
    <ClInclude Include="..\..\..\Common\WinSocket.h">
      <Filter>Header Files</Filter>
    </ClInclude>
    <ClInclude Include="..\..\..\Common\BonusKillSystem.h">
      <Filter>Header Files</Filter>
    </ClInclude>
    <ClInclude Include="Main\WarpRestrictionManager.h">
      <Filter>Header Files</Filter>
    </ClInclude>
    <ClInclude Include="..\..\..\Common\ItemKind.h">
      <Filter>Header Files</Filter>
    </ClInclude>
    <ClInclude Include="BannedSkills.h">
      <Filter>Header Files</Filter>
    </ClInclude>
    <ClInclude Include="Main\LastHitManager.h">
      <Filter>Header Files</Filter>
    </ClInclude>
  </ItemGroup>
  <ItemGroup>
    <Image Include="FieldServer.ico">
      <Filter>Resource Files</Filter>
    </Image>
    <Image Include="small.ico">
      <Filter>Resource Files</Filter>
    </Image>
  </ItemGroup>
</Project>