
Microsoft Visual Studio Solution File, Format Version 12.00
# Visual Studio 14
VisualStudioVersion = 14.0.25420.1
MinimumVisualStudioVersion = 10.0.40219.1
Project("{8BC9CEB8-8B4A-11D0-8D11-00A0C91BC942}") = "Atum", "Atum\Atum.vcxproj", "{D34F8CD9-1C29-4161-ACC1-670D88605024}"
EndProject
Project("{8BC9CEB8-8B4A-11D0-8D11-00A0C91BC942}") = "AtumAdminTool", "AtumAdminTool\AtumAdminTool.vcxproj", "{65353EB2-90FA-4B34-8542-60A98198FC8A}"
EndProject
Project("{8BC9CEB8-8B4A-11D0-8D11-00A0C91BC942}") = "AtumLauncher", "AtumLauncher\AtumLauncher.vcxproj", "{DF80B110-96AD-4029-A26E-BDDC1DAD4ACA}"
EndProject
Project("{8BC9CEB8-8B4A-11D0-8D11-00A0C91BC942}") = "AtumMonitor", "AtumMonitor\AtumMonitor.vcxproj", "{4EB97F1A-D18F-4A77-AB21-2A197F9F6BB8}"
EndProject
Project("{8BC9CEB8-8B4A-11D0-8D11-00A0C91BC942}") = "FieldServer", "FieldServer\FieldServer.vcxproj", "{497E6D24-998E-47A4-8AB4-26F912964C25}"
EndProject
Project("{8BC9CEB8-8B4A-11D0-8D11-00A0C91BC942}") = "IMServer", "IMServer\IMServer.vcxproj", "{4E0177E2-CABA-42F7-8283-0F7AFBE0C67F}"
EndProject
Project("{8BC9CEB8-8B4A-11D0-8D11-00A0C91BC942}") = "LogServer", "LogServer\LogServer.vcxproj", "{D1383811-025E-4F14-A539-425402633024}"
EndProject
Project("{8BC9CEB8-8B4A-11D0-8D11-00A0C91BC942}") = "NPCServer", "NPCServer\NPCServer.vcxproj", "{23A78141-1801-4894-A9D2-1889FC964D07}"
EndProject
Project("{8BC9CEB8-8B4A-11D0-8D11-00A0C91BC942}") = "PreServer", "PreServer\PreServer.vcxproj", "{AFAB8494-B3A0-4244-95B6-AB6976E44E85}"
EndProject
Project("{8BC9CEB8-8B4A-11D0-8D11-00A0C91BC942}") = "QuestLoader", "QuestLoader\QuestLoader.vcxproj", "{FE6E33DA-466C-4C12-BD19-43EDE1B1B970}"
EndProject
Project("{8BC9CEB8-8B4A-11D0-8D11-00A0C91BC942}") = "QuestLoaderLib", "QuestLoaderLib\QuestLoaderLib.vcxproj", "{EC5CDF7D-051D-4081-8AA6-0A54D5237124}"
EndProject
Project("{8BC9CEB8-8B4A-11D0-8D11-00A0C91BC942}") = "SpaceCowboyDBEditorTool", "SpaceCowboyDBEditorTool\SpaceCowboyDBEditorTool.vcxproj", "{E50167EF-5EE7-4D91-8100-A4D0BFA7D240}"
EndProject
Global
	GlobalSection(SolutionConfigurationPlatforms) = preSolution
		D_DevX|Win32 = D_DevX|Win32
		R_DevX_Arena|Win32 = R_DevX_Arena|Win32
		R_DevX|Win32 = R_DevX|Win32
		R_Wiki_Arena|Win32 = R_Wiki_Arena|Win32
		TEST|Win32 = TEST|Win32
	EndGlobalSection
	GlobalSection(ProjectConfigurationPlatforms) = postSolution
		{D34F8CD9-1C29-4161-ACC1-670D88605024}.D_DevX|Win32.ActiveCfg = D_DevX|Win32
		{D34F8CD9-1C29-4161-ACC1-670D88605024}.D_DevX|Win32.Build.0 = D_DevX|Win32
		{D34F8CD9-1C29-4161-ACC1-670D88605024}.R_DevX_Arena|Win32.ActiveCfg = R_DevX_Arena|Win32
		{D34F8CD9-1C29-4161-ACC1-670D88605024}.R_DevX_Arena|Win32.Build.0 = R_DevX_Arena|Win32
		{D34F8CD9-1C29-4161-ACC1-670D88605024}.R_DevX|Win32.ActiveCfg = R_DevX|Win32
		{D34F8CD9-1C29-4161-ACC1-670D88605024}.R_DevX|Win32.Build.0 = R_DevX|Win32
		{D34F8CD9-1C29-4161-ACC1-670D88605024}.R_Wiki_Arena|Win32.ActiveCfg = R_DevX|Win32
		{D34F8CD9-1C29-4161-ACC1-670D88605024}.R_Wiki_Arena|Win32.Build.0 = R_DevX|Win32
		{D34F8CD9-1C29-4161-ACC1-670D88605024}.TEST|Win32.ActiveCfg = TEST|Win32
		{D34F8CD9-1C29-4161-ACC1-670D88605024}.TEST|Win32.Build.0 = TEST|Win32
		{65353EB2-90FA-4B34-8542-60A98198FC8A}.D_DevX|Win32.ActiveCfg = D_DevX|Win32
		{65353EB2-90FA-4B34-8542-60A98198FC8A}.D_DevX|Win32.Build.0 = D_DevX|Win32
		{65353EB2-90FA-4B34-8542-60A98198FC8A}.R_DevX_Arena|Win32.ActiveCfg = R_DevX_Arena|Win32
		{65353EB2-90FA-4B34-8542-60A98198FC8A}.R_DevX_Arena|Win32.Build.0 = R_DevX_Arena|Win32
		{65353EB2-90FA-4B34-8542-60A98198FC8A}.R_DevX|Win32.ActiveCfg = R_DevX|Win32
		{65353EB2-90FA-4B34-8542-60A98198FC8A}.R_DevX|Win32.Build.0 = R_DevX|Win32
		{65353EB2-90FA-4B34-8542-60A98198FC8A}.R_Wiki_Arena|Win32.ActiveCfg = R_DevX|Win32
		{65353EB2-90FA-4B34-8542-60A98198FC8A}.R_Wiki_Arena|Win32.Build.0 = R_DevX|Win32
		{65353EB2-90FA-4B34-8542-60A98198FC8A}.TEST|Win32.ActiveCfg = TEST|Win32
		{65353EB2-90FA-4B34-8542-60A98198FC8A}.TEST|Win32.Build.0 = TEST|Win32
		{DF80B110-96AD-4029-A26E-BDDC1DAD4ACA}.D_DevX|Win32.ActiveCfg = D_DevX|Win32
		{DF80B110-96AD-4029-A26E-BDDC1DAD4ACA}.D_DevX|Win32.Build.0 = D_DevX|Win32
		{DF80B110-96AD-4029-A26E-BDDC1DAD4ACA}.R_DevX_Arena|Win32.ActiveCfg = R_DevX_Arena|Win32
		{DF80B110-96AD-4029-A26E-BDDC1DAD4ACA}.R_DevX_Arena|Win32.Build.0 = R_DevX_Arena|Win32
		{DF80B110-96AD-4029-A26E-BDDC1DAD4ACA}.R_DevX|Win32.ActiveCfg = R_DevX|Win32
		{DF80B110-96AD-4029-A26E-BDDC1DAD4ACA}.R_DevX|Win32.Build.0 = R_DevX|Win32
		{DF80B110-96AD-4029-A26E-BDDC1DAD4ACA}.R_Wiki_Arena|Win32.ActiveCfg = R_DevX|Win32
		{DF80B110-96AD-4029-A26E-BDDC1DAD4ACA}.R_Wiki_Arena|Win32.Build.0 = R_DevX|Win32
		{DF80B110-96AD-4029-A26E-BDDC1DAD4ACA}.TEST|Win32.ActiveCfg = TEST|Win32
		{DF80B110-96AD-4029-A26E-BDDC1DAD4ACA}.TEST|Win32.Build.0 = TEST|Win32
		{4EB97F1A-D18F-4A77-AB21-2A197F9F6BB8}.D_DevX|Win32.ActiveCfg = D_DevX|Win32
		{4EB97F1A-D18F-4A77-AB21-2A197F9F6BB8}.D_DevX|Win32.Build.0 = D_DevX|Win32
		{4EB97F1A-D18F-4A77-AB21-2A197F9F6BB8}.R_DevX_Arena|Win32.ActiveCfg = R_DevX_Arena|Win32
		{4EB97F1A-D18F-4A77-AB21-2A197F9F6BB8}.R_DevX_Arena|Win32.Build.0 = R_DevX_Arena|Win32
		{4EB97F1A-D18F-4A77-AB21-2A197F9F6BB8}.R_DevX|Win32.ActiveCfg = R_DevX|Win32
		{4EB97F1A-D18F-4A77-AB21-2A197F9F6BB8}.R_DevX|Win32.Build.0 = R_DevX|Win32
		{4EB97F1A-D18F-4A77-AB21-2A197F9F6BB8}.R_Wiki_Arena|Win32.ActiveCfg = R_DevX|Win32
		{4EB97F1A-D18F-4A77-AB21-2A197F9F6BB8}.R_Wiki_Arena|Win32.Build.0 = R_DevX|Win32
		{4EB97F1A-D18F-4A77-AB21-2A197F9F6BB8}.TEST|Win32.ActiveCfg = TEST|Win32
		{4EB97F1A-D18F-4A77-AB21-2A197F9F6BB8}.TEST|Win32.Build.0 = TEST|Win32
		{497E6D24-998E-47A4-8AB4-26F912964C25}.D_DevX|Win32.ActiveCfg = D_DevX|Win32
		{497E6D24-998E-47A4-8AB4-26F912964C25}.D_DevX|Win32.Build.0 = D_DevX|Win32
		{497E6D24-998E-47A4-8AB4-26F912964C25}.R_DevX_Arena|Win32.ActiveCfg = R_DevX_Arena|Win32
		{497E6D24-998E-47A4-8AB4-26F912964C25}.R_DevX_Arena|Win32.Build.0 = R_DevX_Arena|Win32
		{497E6D24-998E-47A4-8AB4-26F912964C25}.R_DevX|Win32.ActiveCfg = R_DevX|Win32
		{497E6D24-998E-47A4-8AB4-26F912964C25}.R_DevX|Win32.Build.0 = R_DevX|Win32
		{497E6D24-998E-47A4-8AB4-26F912964C25}.R_Wiki_Arena|Win32.ActiveCfg = R_Wiki_Arena|Win32
		{497E6D24-998E-47A4-8AB4-26F912964C25}.R_Wiki_Arena|Win32.Build.0 = R_Wiki_Arena|Win32
		{497E6D24-998E-47A4-8AB4-26F912964C25}.TEST|Win32.ActiveCfg = TEST|Win32
		{497E6D24-998E-47A4-8AB4-26F912964C25}.TEST|Win32.Build.0 = TEST|Win32
		{4E0177E2-CABA-42F7-8283-0F7AFBE0C67F}.D_DevX|Win32.ActiveCfg = D_DevX|Win32
		{4E0177E2-CABA-42F7-8283-0F7AFBE0C67F}.D_DevX|Win32.Build.0 = D_DevX|Win32
		{4E0177E2-CABA-42F7-8283-0F7AFBE0C67F}.R_DevX_Arena|Win32.ActiveCfg = R_DevX_Arena|Win32
		{4E0177E2-CABA-42F7-8283-0F7AFBE0C67F}.R_DevX_Arena|Win32.Build.0 = R_DevX_Arena|Win32
		{4E0177E2-CABA-42F7-8283-0F7AFBE0C67F}.R_DevX|Win32.ActiveCfg = R_DevX|Win32
		{4E0177E2-CABA-42F7-8283-0F7AFBE0C67F}.R_DevX|Win32.Build.0 = R_DevX|Win32
		{4E0177E2-CABA-42F7-8283-0F7AFBE0C67F}.R_Wiki_Arena|Win32.ActiveCfg = R_Wiki_Arena|Win32
		{4E0177E2-CABA-42F7-8283-0F7AFBE0C67F}.R_Wiki_Arena|Win32.Build.0 = R_Wiki_Arena|Win32
		{4E0177E2-CABA-42F7-8283-0F7AFBE0C67F}.TEST|Win32.ActiveCfg = TEST|Win32
		{4E0177E2-CABA-42F7-8283-0F7AFBE0C67F}.TEST|Win32.Build.0 = TEST|Win32
		{D1383811-025E-4F14-A539-425402633024}.D_DevX|Win32.ActiveCfg = D_DevX|Win32
		{D1383811-025E-4F14-A539-425402633024}.D_DevX|Win32.Build.0 = D_DevX|Win32
		{D1383811-025E-4F14-A539-425402633024}.R_DevX_Arena|Win32.ActiveCfg = R_DevX_Arena|Win32
		{D1383811-025E-4F14-A539-425402633024}.R_DevX_Arena|Win32.Build.0 = R_DevX_Arena|Win32
		{D1383811-025E-4F14-A539-425402633024}.R_DevX|Win32.ActiveCfg = R_DevX|Win32
		{D1383811-025E-4F14-A539-425402633024}.R_DevX|Win32.Build.0 = R_DevX|Win32
		{D1383811-025E-4F14-A539-425402633024}.R_Wiki_Arena|Win32.ActiveCfg = R_Wiki_Arena|Win32
		{D1383811-025E-4F14-A539-425402633024}.R_Wiki_Arena|Win32.Build.0 = R_Wiki_Arena|Win32
		{D1383811-025E-4F14-A539-425402633024}.TEST|Win32.ActiveCfg = TEST|Win32
		{D1383811-025E-4F14-A539-425402633024}.TEST|Win32.Build.0 = TEST|Win32
		{23A78141-1801-4894-A9D2-1889FC964D07}.D_DevX|Win32.ActiveCfg = D_DevX|Win32
		{23A78141-1801-4894-A9D2-1889FC964D07}.D_DevX|Win32.Build.0 = D_DevX|Win32
		{23A78141-1801-4894-A9D2-1889FC964D07}.R_DevX_Arena|Win32.ActiveCfg = R_DevX_Arena|Win32
		{23A78141-1801-4894-A9D2-1889FC964D07}.R_DevX_Arena|Win32.Build.0 = R_DevX_Arena|Win32
		{23A78141-1801-4894-A9D2-1889FC964D07}.R_DevX|Win32.ActiveCfg = R_DevX|Win32
		{23A78141-1801-4894-A9D2-1889FC964D07}.R_DevX|Win32.Build.0 = R_DevX|Win32
		{23A78141-1801-4894-A9D2-1889FC964D07}.R_Wiki_Arena|Win32.ActiveCfg = R_Wiki_Arena|Win32
		{23A78141-1801-4894-A9D2-1889FC964D07}.R_Wiki_Arena|Win32.Build.0 = R_Wiki_Arena|Win32
		{23A78141-1801-4894-A9D2-1889FC964D07}.TEST|Win32.ActiveCfg = TEST|Win32
		{23A78141-1801-4894-A9D2-1889FC964D07}.TEST|Win32.Build.0 = TEST|Win32
		{AFAB8494-B3A0-4244-95B6-AB6976E44E85}.D_DevX|Win32.ActiveCfg = D_DevX|Win32
		{AFAB8494-B3A0-4244-95B6-AB6976E44E85}.D_DevX|Win32.Build.0 = D_DevX|Win32
		{AFAB8494-B3A0-4244-95B6-AB6976E44E85}.R_DevX_Arena|Win32.ActiveCfg = R_DevX_Arena|Win32
		{AFAB8494-B3A0-4244-95B6-AB6976E44E85}.R_DevX_Arena|Win32.Build.0 = R_DevX_Arena|Win32
		{AFAB8494-B3A0-4244-95B6-AB6976E44E85}.R_DevX|Win32.ActiveCfg = R_DevX|Win32
		{AFAB8494-B3A0-4244-95B6-AB6976E44E85}.R_DevX|Win32.Build.0 = R_DevX|Win32
		{AFAB8494-B3A0-4244-95B6-AB6976E44E85}.R_Wiki_Arena|Win32.ActiveCfg = R_DevX|Win32
		{AFAB8494-B3A0-4244-95B6-AB6976E44E85}.R_Wiki_Arena|Win32.Build.0 = R_DevX|Win32
		{AFAB8494-B3A0-4244-95B6-AB6976E44E85}.TEST|Win32.ActiveCfg = TEST|Win32
		{AFAB8494-B3A0-4244-95B6-AB6976E44E85}.TEST|Win32.Build.0 = TEST|Win32
		{FE6E33DA-466C-4C12-BD19-43EDE1B1B970}.D_DevX|Win32.ActiveCfg = D_DevX|Win32
		{FE6E33DA-466C-4C12-BD19-43EDE1B1B970}.D_DevX|Win32.Build.0 = D_DevX|Win32
		{FE6E33DA-466C-4C12-BD19-43EDE1B1B970}.R_DevX_Arena|Win32.ActiveCfg = R_DevX_Arena|Win32
		{FE6E33DA-466C-4C12-BD19-43EDE1B1B970}.R_DevX_Arena|Win32.Build.0 = R_DevX_Arena|Win32
		{FE6E33DA-466C-4C12-BD19-43EDE1B1B970}.R_DevX|Win32.ActiveCfg = R_DevX|Win32
		{FE6E33DA-466C-4C12-BD19-43EDE1B1B970}.R_DevX|Win32.Build.0 = R_DevX|Win32
		{FE6E33DA-466C-4C12-BD19-43EDE1B1B970}.R_Wiki_Arena|Win32.ActiveCfg = R_DevX|Win32
		{FE6E33DA-466C-4C12-BD19-43EDE1B1B970}.R_Wiki_Arena|Win32.Build.0 = R_DevX|Win32
		{FE6E33DA-466C-4C12-BD19-43EDE1B1B970}.TEST|Win32.ActiveCfg = TEST|Win32
		{FE6E33DA-466C-4C12-BD19-43EDE1B1B970}.TEST|Win32.Build.0 = TEST|Win32
		{EC5CDF7D-051D-4081-8AA6-0A54D5237124}.D_DevX|Win32.ActiveCfg = D_DevX|Win32
		{EC5CDF7D-051D-4081-8AA6-0A54D5237124}.D_DevX|Win32.Build.0 = D_DevX|Win32
		{EC5CDF7D-051D-4081-8AA6-0A54D5237124}.R_DevX_Arena|Win32.ActiveCfg = R_DevX_Arena|Win32
		{EC5CDF7D-051D-4081-8AA6-0A54D5237124}.R_DevX_Arena|Win32.Build.0 = R_DevX_Arena|Win32
		{EC5CDF7D-051D-4081-8AA6-0A54D5237124}.R_DevX|Win32.ActiveCfg = R_DevX|Win32
		{EC5CDF7D-051D-4081-8AA6-0A54D5237124}.R_DevX|Win32.Build.0 = R_DevX|Win32
		{EC5CDF7D-051D-4081-8AA6-0A54D5237124}.R_Wiki_Arena|Win32.ActiveCfg = R_DevX|Win32
		{EC5CDF7D-051D-4081-8AA6-0A54D5237124}.R_Wiki_Arena|Win32.Build.0 = R_DevX|Win32
		{EC5CDF7D-051D-4081-8AA6-0A54D5237124}.TEST|Win32.ActiveCfg = TEST|Win32
		{EC5CDF7D-051D-4081-8AA6-0A54D5237124}.TEST|Win32.Build.0 = TEST|Win32
		{E50167EF-5EE7-4D91-8100-A4D0BFA7D240}.D_DevX|Win32.ActiveCfg = D_DevX|Win32
		{E50167EF-5EE7-4D91-8100-A4D0BFA7D240}.D_DevX|Win32.Build.0 = D_DevX|Win32
		{E50167EF-5EE7-4D91-8100-A4D0BFA7D240}.R_DevX_Arena|Win32.ActiveCfg = R_DevX_Arena|Win32
		{E50167EF-5EE7-4D91-8100-A4D0BFA7D240}.R_DevX_Arena|Win32.Build.0 = R_DevX_Arena|Win32
		{E50167EF-5EE7-4D91-8100-A4D0BFA7D240}.R_DevX|Win32.ActiveCfg = R_DevX|Win32
		{E50167EF-5EE7-4D91-8100-A4D0BFA7D240}.R_DevX|Win32.Build.0 = R_DevX|Win32
		{E50167EF-5EE7-4D91-8100-A4D0BFA7D240}.R_Wiki_Arena|Win32.ActiveCfg = R_DevX|Win32
		{E50167EF-5EE7-4D91-8100-A4D0BFA7D240}.R_Wiki_Arena|Win32.Build.0 = R_DevX|Win32
		{E50167EF-5EE7-4D91-8100-A4D0BFA7D240}.TEST|Win32.ActiveCfg = TEST|Win32
		{E50167EF-5EE7-4D91-8100-A4D0BFA7D240}.TEST|Win32.Build.0 = TEST|Win32
	EndGlobalSection
	GlobalSection(SolutionProperties) = preSolution
		HideSolutionNode = FALSE
	EndGlobalSection
EndGlobal
